
Microsoft Visual Studio Solution File, Format Version 12.00
# Visual Studio 15
VisualStudioVersion = 15.0.27703.2026
MinimumVisualStudioVersion = 10.0.40219.1
Project("{9A19103F-16F7-4668-BE54-9A1E7A4F7556}") = "Bitbird.Core.Json", "Bitbird.Core.Json\Bitbird.Core.Json.csproj", "{C225F77B-C2FD-4BAD-978F-2E2BD3B5DE0F}"
EndProject
Project("{FAE04EC0-301F-11D3-BF4B-00C04F79EFBC}") = "Bitbird.Core.Json.Tests", "Bitbird.Core.Tests\Bitbird.Core.Json.Tests.csproj", "{D9D27DD1-72DC-42F8-9B7D-3D2A1A4C4D1D}"
EndProject
Project("{9A19103F-16F7-4668-BE54-9A1E7A4F7556}") = "Bitbird.Core.Json.Helpers.ApiResource", "Bitbird.Core.Json.Helpers\Bitbird.Core.Json.Helpers.ApiResource.csproj", "{E5012A70-9ED8-4B14-AF5E-EC83DB50C607}"
	ProjectSection(ProjectDependencies) = postProject
		{C225F77B-C2FD-4BAD-978F-2E2BD3B5DE0F} = {C225F77B-C2FD-4BAD-978F-2E2BD3B5DE0F}
	EndProjectSection
EndProject
Project("{FAE04EC0-301F-11D3-BF4B-00C04F79EFBC}") = "Bitbird.Core.Json.Helpers.ApiResource.Tests", "Bitbird.Core.Json.Helpers.ApiResource.Tests\Bitbird.Core.Json.Helpers.ApiResource.Tests.csproj", "{D0CB91C1-EDDA-42C8-BF1C-AD07ABD91F92}"
	ProjectSection(ProjectDependencies) = postProject
		{E5012A70-9ED8-4B14-AF5E-EC83DB50C607} = {E5012A70-9ED8-4B14-AF5E-EC83DB50C607}
		{C225F77B-C2FD-4BAD-978F-2E2BD3B5DE0F} = {C225F77B-C2FD-4BAD-978F-2E2BD3B5DE0F}
	EndProjectSection
EndProject
Project("{9A19103F-16F7-4668-BE54-9A1E7A4F7556}") = "Bitbird.Core.Json.Helpers.JsonDataModel", "Bitbird.Core.Json.Helpers.JsonDataModel\Bitbird.Core.Json.Helpers.JsonDataModel.csproj", "{54CC940B-60AF-4D88-8691-B5CDC309C72E}"
EndProject
Project("{9A19103F-16F7-4668-BE54-9A1E7A4F7556}") = "Bitbird.Core.Json.Helpers.Base", "Bitbird.Core.Json.Helpers.Base\Bitbird.Core.Json.Helpers.Base.csproj", "{B02865FD-35CA-4B48-88F4-0032A499A57D}"
EndProject
Project("{9A19103F-16F7-4668-BE54-9A1E7A4F7556}") = "Bitbird.Core", "Bitbird.Core\Bitbird.Core.csproj", "{B882B7FF-75E0-4A51-91E0-D67F4D01211C}"
EndProject
Project("{FAE04EC0-301F-11D3-BF4B-00C04F79EFBC}") = "Bitbird.Core.Api.Net", "Bitbird.Core.Api.Net\Bitbird.Core.Api.Net.csproj", "{5DEC161E-0E45-4186-AE5F-9656AE2FABB2}"
EndProject
Project("{FAE04EC0-301F-11D3-BF4B-00C04F79EFBC}") = "Bitbird.Core.WebApi.Net", "Bitbird.Core.WebApi.Net\Bitbird.Core.WebApi.Net.csproj", "{C65267F8-C53B-4008-8094-853479AFFD2C}"
EndProject
Project("{FAE04EC0-301F-11D3-BF4B-00C04F79EFBC}") = "Bitbird.Core.Data.Net", "Bitbird.Core.Data.Net\Bitbird.Core.Data.Net.csproj", "{4AE82B23-34A5-47FD-BFBA-5BC50210CC5E}"
EndProject
Project("{9A19103F-16F7-4668-BE54-9A1E7A4F7556}") = "Bitbird.Core.Export.Xlsx", "Bitbird.Core.Export.Xlsx\Bitbird.Core.Export.Xlsx.csproj", "{DB7EBA25-711B-4DB4-9380-18DD245052E6}"
EndProject
Project("{FAE04EC0-301F-11D3-BF4B-00C04F79EFBC}") = "Bitbird.Core.Net", "Bitbird.Core.Net\Bitbird.Core.Net.csproj", "{A05492E0-3EE4-4164-8484-E6EC5CE16D0F}"
EndProject
Project("{2150E333-8FDC-42A3-9474-1A3956D46DE8}") = "Solution Items", "Solution Items", "{33AEFCD1-4CFB-46E9-A964-1D6DF7F70442}"
	ProjectSection(SolutionItems) = preProject
		SharedAssemblyInfo.cs = SharedAssemblyInfo.cs
		SharedProperties.props = SharedProperties.props
	EndProjectSection
EndProject
Project("{2150E333-8FDC-42A3-9474-1A3956D46DE8}") = "Bitbird.Core.Tools.ReferenceSwitcher", "Bitbird.Core.Tools.ReferenceSwitcher", "{5763AE6D-5D2B-416D-B4D8-5FE0AA5D12DF}"
	ProjectSection(SolutionItems) = preProject
		Bitbird.Core.Tools.ReferenceSwitcher\Bitbird.Core.Tools.ReferenceSwitcher.nuspec = Bitbird.Core.Tools.ReferenceSwitcher\Bitbird.Core.Tools.ReferenceSwitcher.nuspec
	EndProjectSection
EndProject
Project("{2150E333-8FDC-42A3-9474-1A3956D46DE8}") = "tools", "tools", "{565E511A-D8E4-403B-85ED-356ECC622ADF}"
	ProjectSection(SolutionItems) = preProject
		Bitbird.Core.Tools.ReferenceSwitcher\tools\init.ps1 = Bitbird.Core.Tools.ReferenceSwitcher\tools\init.ps1
		Bitbird.Core.Tools.ReferenceSwitcher\tools\ReferenceSwitcher.psm1 = Bitbird.Core.Tools.ReferenceSwitcher\tools\ReferenceSwitcher.psm1
	EndProjectSection
EndProject
Global
	GlobalSection(SolutionConfigurationPlatforms) = preSolution
		Debug|Any CPU = Debug|Any CPU
		Debug|ARM = Debug|ARM
		Debug|ARM64 = Debug|ARM64
		Debug|x64 = Debug|x64
		Debug|x86 = Debug|x86
		Release|Any CPU = Release|Any CPU
		Release|ARM = Release|ARM
		Release|ARM64 = Release|ARM64
		Release|x64 = Release|x64
		Release|x86 = Release|x86
	EndGlobalSection
	GlobalSection(ProjectConfigurationPlatforms) = postSolution
		{C225F77B-C2FD-4BAD-978F-2E2BD3B5DE0F}.Debug|Any CPU.ActiveCfg = Debug|Any CPU
		{C225F77B-C2FD-4BAD-978F-2E2BD3B5DE0F}.Debug|Any CPU.Build.0 = Debug|Any CPU
		{C225F77B-C2FD-4BAD-978F-2E2BD3B5DE0F}.Debug|ARM.ActiveCfg = Debug|Any CPU
		{C225F77B-C2FD-4BAD-978F-2E2BD3B5DE0F}.Debug|ARM.Build.0 = Debug|Any CPU
		{C225F77B-C2FD-4BAD-978F-2E2BD3B5DE0F}.Debug|ARM64.ActiveCfg = Debug|Any CPU
		{C225F77B-C2FD-4BAD-978F-2E2BD3B5DE0F}.Debug|ARM64.Build.0 = Debug|Any CPU
		{C225F77B-C2FD-4BAD-978F-2E2BD3B5DE0F}.Debug|x64.ActiveCfg = Debug|Any CPU
		{C225F77B-C2FD-4BAD-978F-2E2BD3B5DE0F}.Debug|x64.Build.0 = Debug|Any CPU
		{C225F77B-C2FD-4BAD-978F-2E2BD3B5DE0F}.Debug|x86.ActiveCfg = Debug|Any CPU
		{C225F77B-C2FD-4BAD-978F-2E2BD3B5DE0F}.Debug|x86.Build.0 = Debug|Any CPU
		{C225F77B-C2FD-4BAD-978F-2E2BD3B5DE0F}.Release|Any CPU.ActiveCfg = Release|Any CPU
		{C225F77B-C2FD-4BAD-978F-2E2BD3B5DE0F}.Release|Any CPU.Build.0 = Release|Any CPU
		{C225F77B-C2FD-4BAD-978F-2E2BD3B5DE0F}.Release|ARM.ActiveCfg = Release|Any CPU
		{C225F77B-C2FD-4BAD-978F-2E2BD3B5DE0F}.Release|ARM.Build.0 = Release|Any CPU
		{C225F77B-C2FD-4BAD-978F-2E2BD3B5DE0F}.Release|ARM64.ActiveCfg = Release|Any CPU
		{C225F77B-C2FD-4BAD-978F-2E2BD3B5DE0F}.Release|ARM64.Build.0 = Release|Any CPU
		{C225F77B-C2FD-4BAD-978F-2E2BD3B5DE0F}.Release|x64.ActiveCfg = Release|Any CPU
		{C225F77B-C2FD-4BAD-978F-2E2BD3B5DE0F}.Release|x64.Build.0 = Release|Any CPU
		{C225F77B-C2FD-4BAD-978F-2E2BD3B5DE0F}.Release|x86.ActiveCfg = Release|Any CPU
		{C225F77B-C2FD-4BAD-978F-2E2BD3B5DE0F}.Release|x86.Build.0 = Release|Any CPU
		{D9D27DD1-72DC-42F8-9B7D-3D2A1A4C4D1D}.Debug|Any CPU.ActiveCfg = Debug|Any CPU
		{D9D27DD1-72DC-42F8-9B7D-3D2A1A4C4D1D}.Debug|Any CPU.Build.0 = Debug|Any CPU
		{D9D27DD1-72DC-42F8-9B7D-3D2A1A4C4D1D}.Debug|ARM.ActiveCfg = Debug|Any CPU
		{D9D27DD1-72DC-42F8-9B7D-3D2A1A4C4D1D}.Debug|ARM.Build.0 = Debug|Any CPU
		{D9D27DD1-72DC-42F8-9B7D-3D2A1A4C4D1D}.Debug|ARM64.ActiveCfg = Debug|Any CPU
		{D9D27DD1-72DC-42F8-9B7D-3D2A1A4C4D1D}.Debug|ARM64.Build.0 = Debug|Any CPU
		{D9D27DD1-72DC-42F8-9B7D-3D2A1A4C4D1D}.Debug|x64.ActiveCfg = Debug|Any CPU
		{D9D27DD1-72DC-42F8-9B7D-3D2A1A4C4D1D}.Debug|x64.Build.0 = Debug|Any CPU
		{D9D27DD1-72DC-42F8-9B7D-3D2A1A4C4D1D}.Debug|x86.ActiveCfg = Debug|Any CPU
		{D9D27DD1-72DC-42F8-9B7D-3D2A1A4C4D1D}.Debug|x86.Build.0 = Debug|Any CPU
		{D9D27DD1-72DC-42F8-9B7D-3D2A1A4C4D1D}.Release|Any CPU.ActiveCfg = Release|Any CPU
		{D9D27DD1-72DC-42F8-9B7D-3D2A1A4C4D1D}.Release|Any CPU.Build.0 = Release|Any CPU
		{D9D27DD1-72DC-42F8-9B7D-3D2A1A4C4D1D}.Release|ARM.ActiveCfg = Release|Any CPU
		{D9D27DD1-72DC-42F8-9B7D-3D2A1A4C4D1D}.Release|ARM.Build.0 = Release|Any CPU
		{D9D27DD1-72DC-42F8-9B7D-3D2A1A4C4D1D}.Release|ARM64.ActiveCfg = Release|Any CPU
		{D9D27DD1-72DC-42F8-9B7D-3D2A1A4C4D1D}.Release|ARM64.Build.0 = Release|Any CPU
		{D9D27DD1-72DC-42F8-9B7D-3D2A1A4C4D1D}.Release|x64.ActiveCfg = Release|Any CPU
		{D9D27DD1-72DC-42F8-9B7D-3D2A1A4C4D1D}.Release|x64.Build.0 = Release|Any CPU
		{D9D27DD1-72DC-42F8-9B7D-3D2A1A4C4D1D}.Release|x86.ActiveCfg = Release|Any CPU
		{D9D27DD1-72DC-42F8-9B7D-3D2A1A4C4D1D}.Release|x86.Build.0 = Release|Any CPU
		{E5012A70-9ED8-4B14-AF5E-EC83DB50C607}.Debug|Any CPU.ActiveCfg = Debug|Any CPU
		{E5012A70-9ED8-4B14-AF5E-EC83DB50C607}.Debug|Any CPU.Build.0 = Debug|Any CPU
		{E5012A70-9ED8-4B14-AF5E-EC83DB50C607}.Debug|ARM.ActiveCfg = Debug|Any CPU
		{E5012A70-9ED8-4B14-AF5E-EC83DB50C607}.Debug|ARM.Build.0 = Debug|Any CPU
		{E5012A70-9ED8-4B14-AF5E-EC83DB50C607}.Debug|ARM64.ActiveCfg = Debug|Any CPU
		{E5012A70-9ED8-4B14-AF5E-EC83DB50C607}.Debug|ARM64.Build.0 = Debug|Any CPU
		{E5012A70-9ED8-4B14-AF5E-EC83DB50C607}.Debug|x64.ActiveCfg = Debug|Any CPU
		{E5012A70-9ED8-4B14-AF5E-EC83DB50C607}.Debug|x64.Build.0 = Debug|Any CPU
		{E5012A70-9ED8-4B14-AF5E-EC83DB50C607}.Debug|x86.ActiveCfg = Debug|Any CPU
		{E5012A70-9ED8-4B14-AF5E-EC83DB50C607}.Debug|x86.Build.0 = Debug|Any CPU
		{E5012A70-9ED8-4B14-AF5E-EC83DB50C607}.Release|Any CPU.ActiveCfg = Release|Any CPU
		{E5012A70-9ED8-4B14-AF5E-EC83DB50C607}.Release|Any CPU.Build.0 = Release|Any CPU
		{E5012A70-9ED8-4B14-AF5E-EC83DB50C607}.Release|ARM.ActiveCfg = Release|Any CPU
		{E5012A70-9ED8-4B14-AF5E-EC83DB50C607}.Release|ARM.Build.0 = Release|Any CPU
		{E5012A70-9ED8-4B14-AF5E-EC83DB50C607}.Release|ARM64.ActiveCfg = Release|Any CPU
		{E5012A70-9ED8-4B14-AF5E-EC83DB50C607}.Release|ARM64.Build.0 = Release|Any CPU
		{E5012A70-9ED8-4B14-AF5E-EC83DB50C607}.Release|x64.ActiveCfg = Release|Any CPU
		{E5012A70-9ED8-4B14-AF5E-EC83DB50C607}.Release|x64.Build.0 = Release|Any CPU
		{E5012A70-9ED8-4B14-AF5E-EC83DB50C607}.Release|x86.ActiveCfg = Release|Any CPU
		{E5012A70-9ED8-4B14-AF5E-EC83DB50C607}.Release|x86.Build.0 = Release|Any CPU
		{D0CB91C1-EDDA-42C8-BF1C-AD07ABD91F92}.Debug|Any CPU.ActiveCfg = Debug|Any CPU
		{D0CB91C1-EDDA-42C8-BF1C-AD07ABD91F92}.Debug|Any CPU.Build.0 = Debug|Any CPU
		{D0CB91C1-EDDA-42C8-BF1C-AD07ABD91F92}.Debug|ARM.ActiveCfg = Debug|Any CPU
		{D0CB91C1-EDDA-42C8-BF1C-AD07ABD91F92}.Debug|ARM.Build.0 = Debug|Any CPU
		{D0CB91C1-EDDA-42C8-BF1C-AD07ABD91F92}.Debug|ARM64.ActiveCfg = Debug|Any CPU
		{D0CB91C1-EDDA-42C8-BF1C-AD07ABD91F92}.Debug|ARM64.Build.0 = Debug|Any CPU
		{D0CB91C1-EDDA-42C8-BF1C-AD07ABD91F92}.Debug|x64.ActiveCfg = Debug|Any CPU
		{D0CB91C1-EDDA-42C8-BF1C-AD07ABD91F92}.Debug|x64.Build.0 = Debug|Any CPU
		{D0CB91C1-EDDA-42C8-BF1C-AD07ABD91F92}.Debug|x86.ActiveCfg = Debug|Any CPU
		{D0CB91C1-EDDA-42C8-BF1C-AD07ABD91F92}.Debug|x86.Build.0 = Debug|Any CPU
		{D0CB91C1-EDDA-42C8-BF1C-AD07ABD91F92}.Release|Any CPU.ActiveCfg = Release|Any CPU
		{D0CB91C1-EDDA-42C8-BF1C-AD07ABD91F92}.Release|Any CPU.Build.0 = Release|Any CPU
		{D0CB91C1-EDDA-42C8-BF1C-AD07ABD91F92}.Release|ARM.ActiveCfg = Release|Any CPU
		{D0CB91C1-EDDA-42C8-BF1C-AD07ABD91F92}.Release|ARM.Build.0 = Release|Any CPU
		{D0CB91C1-EDDA-42C8-BF1C-AD07ABD91F92}.Release|ARM64.ActiveCfg = Release|Any CPU
		{D0CB91C1-EDDA-42C8-BF1C-AD07ABD91F92}.Release|ARM64.Build.0 = Release|Any CPU
		{D0CB91C1-EDDA-42C8-BF1C-AD07ABD91F92}.Release|x64.ActiveCfg = Release|Any CPU
		{D0CB91C1-EDDA-42C8-BF1C-AD07ABD91F92}.Release|x64.Build.0 = Release|Any CPU
		{D0CB91C1-EDDA-42C8-BF1C-AD07ABD91F92}.Release|x86.ActiveCfg = Release|Any CPU
		{D0CB91C1-EDDA-42C8-BF1C-AD07ABD91F92}.Release|x86.Build.0 = Release|Any CPU
		{54CC940B-60AF-4D88-8691-B5CDC309C72E}.Debug|Any CPU.ActiveCfg = Debug|Any CPU
		{54CC940B-60AF-4D88-8691-B5CDC309C72E}.Debug|Any CPU.Build.0 = Debug|Any CPU
		{54CC940B-60AF-4D88-8691-B5CDC309C72E}.Debug|ARM.ActiveCfg = Debug|Any CPU
		{54CC940B-60AF-4D88-8691-B5CDC309C72E}.Debug|ARM.Build.0 = Debug|Any CPU
		{54CC940B-60AF-4D88-8691-B5CDC309C72E}.Debug|ARM64.ActiveCfg = Debug|Any CPU
		{54CC940B-60AF-4D88-8691-B5CDC309C72E}.Debug|ARM64.Build.0 = Debug|Any CPU
		{54CC940B-60AF-4D88-8691-B5CDC309C72E}.Debug|x64.ActiveCfg = Debug|Any CPU
		{54CC940B-60AF-4D88-8691-B5CDC309C72E}.Debug|x64.Build.0 = Debug|Any CPU
		{54CC940B-60AF-4D88-8691-B5CDC309C72E}.Debug|x86.ActiveCfg = Debug|Any CPU
		{54CC940B-60AF-4D88-8691-B5CDC309C72E}.Debug|x86.Build.0 = Debug|Any CPU
		{54CC940B-60AF-4D88-8691-B5CDC309C72E}.Release|Any CPU.ActiveCfg = Release|Any CPU
		{54CC940B-60AF-4D88-8691-B5CDC309C72E}.Release|Any CPU.Build.0 = Release|Any CPU
		{54CC940B-60AF-4D88-8691-B5CDC309C72E}.Release|ARM.ActiveCfg = Release|Any CPU
		{54CC940B-60AF-4D88-8691-B5CDC309C72E}.Release|ARM.Build.0 = Release|Any CPU
		{54CC940B-60AF-4D88-8691-B5CDC309C72E}.Release|ARM64.ActiveCfg = Release|Any CPU
		{54CC940B-60AF-4D88-8691-B5CDC309C72E}.Release|ARM64.Build.0 = Release|Any CPU
		{54CC940B-60AF-4D88-8691-B5CDC309C72E}.Release|x64.ActiveCfg = Release|Any CPU
		{54CC940B-60AF-4D88-8691-B5CDC309C72E}.Release|x64.Build.0 = Release|Any CPU
		{54CC940B-60AF-4D88-8691-B5CDC309C72E}.Release|x86.ActiveCfg = Release|Any CPU
		{54CC940B-60AF-4D88-8691-B5CDC309C72E}.Release|x86.Build.0 = Release|Any CPU
		{B02865FD-35CA-4B48-88F4-0032A499A57D}.Debug|Any CPU.ActiveCfg = Debug|Any CPU
		{B02865FD-35CA-4B48-88F4-0032A499A57D}.Debug|Any CPU.Build.0 = Debug|Any CPU
		{B02865FD-35CA-4B48-88F4-0032A499A57D}.Debug|ARM.ActiveCfg = Debug|Any CPU
		{B02865FD-35CA-4B48-88F4-0032A499A57D}.Debug|ARM.Build.0 = Debug|Any CPU
		{B02865FD-35CA-4B48-88F4-0032A499A57D}.Debug|ARM64.ActiveCfg = Debug|Any CPU
		{B02865FD-35CA-4B48-88F4-0032A499A57D}.Debug|ARM64.Build.0 = Debug|Any CPU
		{B02865FD-35CA-4B48-88F4-0032A499A57D}.Debug|x64.ActiveCfg = Debug|Any CPU
		{B02865FD-35CA-4B48-88F4-0032A499A57D}.Debug|x64.Build.0 = Debug|Any CPU
		{B02865FD-35CA-4B48-88F4-0032A499A57D}.Debug|x86.ActiveCfg = Debug|Any CPU
		{B02865FD-35CA-4B48-88F4-0032A499A57D}.Debug|x86.Build.0 = Debug|Any CPU
		{B02865FD-35CA-4B48-88F4-0032A499A57D}.Release|Any CPU.ActiveCfg = Release|Any CPU
		{B02865FD-35CA-4B48-88F4-0032A499A57D}.Release|Any CPU.Build.0 = Release|Any CPU
		{B02865FD-35CA-4B48-88F4-0032A499A57D}.Release|ARM.ActiveCfg = Release|Any CPU
		{B02865FD-35CA-4B48-88F4-0032A499A57D}.Release|ARM.Build.0 = Release|Any CPU
		{B02865FD-35CA-4B48-88F4-0032A499A57D}.Release|ARM64.ActiveCfg = Release|Any CPU
		{B02865FD-35CA-4B48-88F4-0032A499A57D}.Release|ARM64.Build.0 = Release|Any CPU
		{B02865FD-35CA-4B48-88F4-0032A499A57D}.Release|x64.ActiveCfg = Release|Any CPU
		{B02865FD-35CA-4B48-88F4-0032A499A57D}.Release|x64.Build.0 = Release|Any CPU
		{B02865FD-35CA-4B48-88F4-0032A499A57D}.Release|x86.ActiveCfg = Release|Any CPU
		{B02865FD-35CA-4B48-88F4-0032A499A57D}.Release|x86.Build.0 = Release|Any CPU
		{B882B7FF-75E0-4A51-91E0-D67F4D01211C}.Debug|Any CPU.ActiveCfg = Debug|Any CPU
		{B882B7FF-75E0-4A51-91E0-D67F4D01211C}.Debug|Any CPU.Build.0 = Debug|Any CPU
		{B882B7FF-75E0-4A51-91E0-D67F4D01211C}.Debug|ARM.ActiveCfg = Debug|Any CPU
		{B882B7FF-75E0-4A51-91E0-D67F4D01211C}.Debug|ARM.Build.0 = Debug|Any CPU
		{B882B7FF-75E0-4A51-91E0-D67F4D01211C}.Debug|ARM64.ActiveCfg = Debug|Any CPU
		{B882B7FF-75E0-4A51-91E0-D67F4D01211C}.Debug|ARM64.Build.0 = Debug|Any CPU
		{B882B7FF-75E0-4A51-91E0-D67F4D01211C}.Debug|x64.ActiveCfg = Debug|Any CPU
		{B882B7FF-75E0-4A51-91E0-D67F4D01211C}.Debug|x64.Build.0 = Debug|Any CPU
		{B882B7FF-75E0-4A51-91E0-D67F4D01211C}.Debug|x86.ActiveCfg = Debug|Any CPU
		{B882B7FF-75E0-4A51-91E0-D67F4D01211C}.Debug|x86.Build.0 = Debug|Any CPU
		{B882B7FF-75E0-4A51-91E0-D67F4D01211C}.Release|Any CPU.ActiveCfg = Release|Any CPU
		{B882B7FF-75E0-4A51-91E0-D67F4D01211C}.Release|Any CPU.Build.0 = Release|Any CPU
		{B882B7FF-75E0-4A51-91E0-D67F4D01211C}.Release|ARM.ActiveCfg = Release|Any CPU
		{B882B7FF-75E0-4A51-91E0-D67F4D01211C}.Release|ARM.Build.0 = Release|Any CPU
		{B882B7FF-75E0-4A51-91E0-D67F4D01211C}.Release|ARM64.ActiveCfg = Release|Any CPU
		{B882B7FF-75E0-4A51-91E0-D67F4D01211C}.Release|ARM64.Build.0 = Release|Any CPU
		{B882B7FF-75E0-4A51-91E0-D67F4D01211C}.Release|x64.ActiveCfg = Release|Any CPU
		{B882B7FF-75E0-4A51-91E0-D67F4D01211C}.Release|x64.Build.0 = Release|Any CPU
		{B882B7FF-75E0-4A51-91E0-D67F4D01211C}.Release|x86.ActiveCfg = Release|Any CPU
		{B882B7FF-75E0-4A51-91E0-D67F4D01211C}.Release|x86.Build.0 = Release|Any CPU
		{5DEC161E-0E45-4186-AE5F-9656AE2FABB2}.Debug|Any CPU.ActiveCfg = Debug|Any CPU
		{5DEC161E-0E45-4186-AE5F-9656AE2FABB2}.Debug|Any CPU.Build.0 = Debug|Any CPU
		{5DEC161E-0E45-4186-AE5F-9656AE2FABB2}.Debug|ARM.ActiveCfg = Debug|Any CPU
		{5DEC161E-0E45-4186-AE5F-9656AE2FABB2}.Debug|ARM.Build.0 = Debug|Any CPU
		{5DEC161E-0E45-4186-AE5F-9656AE2FABB2}.Debug|ARM64.ActiveCfg = Debug|Any CPU
		{5DEC161E-0E45-4186-AE5F-9656AE2FABB2}.Debug|ARM64.Build.0 = Debug|Any CPU
		{5DEC161E-0E45-4186-AE5F-9656AE2FABB2}.Debug|x64.ActiveCfg = Debug|Any CPU
		{5DEC161E-0E45-4186-AE5F-9656AE2FABB2}.Debug|x64.Build.0 = Debug|Any CPU
		{5DEC161E-0E45-4186-AE5F-9656AE2FABB2}.Debug|x86.ActiveCfg = Debug|Any CPU
		{5DEC161E-0E45-4186-AE5F-9656AE2FABB2}.Debug|x86.Build.0 = Debug|Any CPU
		{5DEC161E-0E45-4186-AE5F-9656AE2FABB2}.Release|Any CPU.ActiveCfg = Release|Any CPU
		{5DEC161E-0E45-4186-AE5F-9656AE2FABB2}.Release|Any CPU.Build.0 = Release|Any CPU
		{5DEC161E-0E45-4186-AE5F-9656AE2FABB2}.Release|ARM.ActiveCfg = Release|Any CPU
		{5DEC161E-0E45-4186-AE5F-9656AE2FABB2}.Release|ARM.Build.0 = Release|Any CPU
		{5DEC161E-0E45-4186-AE5F-9656AE2FABB2}.Release|ARM64.ActiveCfg = Release|Any CPU
		{5DEC161E-0E45-4186-AE5F-9656AE2FABB2}.Release|ARM64.Build.0 = Release|Any CPU
		{5DEC161E-0E45-4186-AE5F-9656AE2FABB2}.Release|x64.ActiveCfg = Release|Any CPU
		{5DEC161E-0E45-4186-AE5F-9656AE2FABB2}.Release|x64.Build.0 = Release|Any CPU
		{5DEC161E-0E45-4186-AE5F-9656AE2FABB2}.Release|x86.ActiveCfg = Release|Any CPU
		{5DEC161E-0E45-4186-AE5F-9656AE2FABB2}.Release|x86.Build.0 = Release|Any CPU
		{C65267F8-C53B-4008-8094-853479AFFD2C}.Debug|Any CPU.ActiveCfg = Debug|Any CPU
		{C65267F8-C53B-4008-8094-853479AFFD2C}.Debug|Any CPU.Build.0 = Debug|Any CPU
		{C65267F8-C53B-4008-8094-853479AFFD2C}.Debug|ARM.ActiveCfg = Debug|Any CPU
		{C65267F8-C53B-4008-8094-853479AFFD2C}.Debug|ARM.Build.0 = Debug|Any CPU
		{C65267F8-C53B-4008-8094-853479AFFD2C}.Debug|ARM64.ActiveCfg = Debug|Any CPU
		{C65267F8-C53B-4008-8094-853479AFFD2C}.Debug|ARM64.Build.0 = Debug|Any CPU
		{C65267F8-C53B-4008-8094-853479AFFD2C}.Debug|x64.ActiveCfg = Debug|Any CPU
		{C65267F8-C53B-4008-8094-853479AFFD2C}.Debug|x64.Build.0 = Debug|Any CPU
		{C65267F8-C53B-4008-8094-853479AFFD2C}.Debug|x86.ActiveCfg = Debug|Any CPU
		{C65267F8-C53B-4008-8094-853479AFFD2C}.Debug|x86.Build.0 = Debug|Any CPU
		{C65267F8-C53B-4008-8094-853479AFFD2C}.Release|Any CPU.ActiveCfg = Release|Any CPU
		{C65267F8-C53B-4008-8094-853479AFFD2C}.Release|Any CPU.Build.0 = Release|Any CPU
		{C65267F8-C53B-4008-8094-853479AFFD2C}.Release|ARM.ActiveCfg = Release|Any CPU
		{C65267F8-C53B-4008-8094-853479AFFD2C}.Release|ARM.Build.0 = Release|Any CPU
		{C65267F8-C53B-4008-8094-853479AFFD2C}.Release|ARM64.ActiveCfg = Release|Any CPU
		{C65267F8-C53B-4008-8094-853479AFFD2C}.Release|ARM64.Build.0 = Release|Any CPU
		{C65267F8-C53B-4008-8094-853479AFFD2C}.Release|x64.ActiveCfg = Release|Any CPU
		{C65267F8-C53B-4008-8094-853479AFFD2C}.Release|x64.Build.0 = Release|Any CPU
		{C65267F8-C53B-4008-8094-853479AFFD2C}.Release|x86.ActiveCfg = Release|Any CPU
		{C65267F8-C53B-4008-8094-853479AFFD2C}.Release|x86.Build.0 = Release|Any CPU
		{4AE82B23-34A5-47FD-BFBA-5BC50210CC5E}.Debug|Any CPU.ActiveCfg = Debug|Any CPU
		{4AE82B23-34A5-47FD-BFBA-5BC50210CC5E}.Debug|Any CPU.Build.0 = Debug|Any CPU
		{4AE82B23-34A5-47FD-BFBA-5BC50210CC5E}.Debug|ARM.ActiveCfg = Debug|Any CPU
		{4AE82B23-34A5-47FD-BFBA-5BC50210CC5E}.Debug|ARM.Build.0 = Debug|Any CPU
		{4AE82B23-34A5-47FD-BFBA-5BC50210CC5E}.Debug|ARM64.ActiveCfg = Debug|Any CPU
		{4AE82B23-34A5-47FD-BFBA-5BC50210CC5E}.Debug|ARM64.Build.0 = Debug|Any CPU
		{4AE82B23-34A5-47FD-BFBA-5BC50210CC5E}.Debug|x64.ActiveCfg = Debug|Any CPU
		{4AE82B23-34A5-47FD-BFBA-5BC50210CC5E}.Debug|x64.Build.0 = Debug|Any CPU
		{4AE82B23-34A5-47FD-BFBA-5BC50210CC5E}.Debug|x86.ActiveCfg = Debug|Any CPU
		{4AE82B23-34A5-47FD-BFBA-5BC50210CC5E}.Debug|x86.Build.0 = Debug|Any CPU
		{4AE82B23-34A5-47FD-BFBA-5BC50210CC5E}.Release|Any CPU.ActiveCfg = Release|Any CPU
		{4AE82B23-34A5-47FD-BFBA-5BC50210CC5E}.Release|Any CPU.Build.0 = Release|Any CPU
		{4AE82B23-34A5-47FD-BFBA-5BC50210CC5E}.Release|ARM.ActiveCfg = Release|Any CPU
		{4AE82B23-34A5-47FD-BFBA-5BC50210CC5E}.Release|ARM.Build.0 = Release|Any CPU
		{4AE82B23-34A5-47FD-BFBA-5BC50210CC5E}.Release|ARM64.ActiveCfg = Release|Any CPU
		{4AE82B23-34A5-47FD-BFBA-5BC50210CC5E}.Release|ARM64.Build.0 = Release|Any CPU
		{4AE82B23-34A5-47FD-BFBA-5BC50210CC5E}.Release|x64.ActiveCfg = Release|Any CPU
		{4AE82B23-34A5-47FD-BFBA-5BC50210CC5E}.Release|x64.Build.0 = Release|Any CPU
		{4AE82B23-34A5-47FD-BFBA-5BC50210CC5E}.Release|x86.ActiveCfg = Release|Any CPU
		{4AE82B23-34A5-47FD-BFBA-5BC50210CC5E}.Release|x86.Build.0 = Release|Any CPU
		{DB7EBA25-711B-4DB4-9380-18DD245052E6}.Debug|Any CPU.ActiveCfg = Debug|Any CPU
		{DB7EBA25-711B-4DB4-9380-18DD245052E6}.Debug|Any CPU.Build.0 = Debug|Any CPU
		{DB7EBA25-711B-4DB4-9380-18DD245052E6}.Debug|ARM.ActiveCfg = Debug|Any CPU
		{DB7EBA25-711B-4DB4-9380-18DD245052E6}.Debug|ARM.Build.0 = Debug|Any CPU
		{DB7EBA25-711B-4DB4-9380-18DD245052E6}.Debug|ARM64.ActiveCfg = Debug|Any CPU
		{DB7EBA25-711B-4DB4-9380-18DD245052E6}.Debug|ARM64.Build.0 = Debug|Any CPU
		{DB7EBA25-711B-4DB4-9380-18DD245052E6}.Debug|x64.ActiveCfg = Debug|Any CPU
		{DB7EBA25-711B-4DB4-9380-18DD245052E6}.Debug|x64.Build.0 = Debug|Any CPU
		{DB7EBA25-711B-4DB4-9380-18DD245052E6}.Debug|x86.ActiveCfg = Debug|Any CPU
		{DB7EBA25-711B-4DB4-9380-18DD245052E6}.Debug|x86.Build.0 = Debug|Any CPU
		{DB7EBA25-711B-4DB4-9380-18DD245052E6}.Release|Any CPU.ActiveCfg = Release|Any CPU
		{DB7EBA25-711B-4DB4-9380-18DD245052E6}.Release|Any CPU.Build.0 = Release|Any CPU
		{DB7EBA25-711B-4DB4-9380-18DD245052E6}.Release|ARM.ActiveCfg = Release|Any CPU
		{DB7EBA25-711B-4DB4-9380-18DD245052E6}.Release|ARM.Build.0 = Release|Any CPU
		{DB7EBA25-711B-4DB4-9380-18DD245052E6}.Release|ARM64.ActiveCfg = Release|Any CPU
		{DB7EBA25-711B-4DB4-9380-18DD245052E6}.Release|ARM64.Build.0 = Release|Any CPU
		{DB7EBA25-711B-4DB4-9380-18DD245052E6}.Release|x64.ActiveCfg = Release|Any CPU
		{DB7EBA25-711B-4DB4-9380-18DD245052E6}.Release|x64.Build.0 = Release|Any CPU
		{DB7EBA25-711B-4DB4-9380-18DD245052E6}.Release|x86.ActiveCfg = Release|Any CPU
		{DB7EBA25-711B-4DB4-9380-18DD245052E6}.Release|x86.Build.0 = Release|Any CPU
		{A05492E0-3EE4-4164-8484-E6EC5CE16D0F}.Debug|Any CPU.ActiveCfg = Debug|Any CPU
		{A05492E0-3EE4-4164-8484-E6EC5CE16D0F}.Debug|Any CPU.Build.0 = Debug|Any CPU
		{A05492E0-3EE4-4164-8484-E6EC5CE16D0F}.Debug|ARM.ActiveCfg = Debug|Any CPU
		{A05492E0-3EE4-4164-8484-E6EC5CE16D0F}.Debug|ARM.Build.0 = Debug|Any CPU
		{A05492E0-3EE4-4164-8484-E6EC5CE16D0F}.Debug|ARM64.ActiveCfg = Debug|Any CPU
		{A05492E0-3EE4-4164-8484-E6EC5CE16D0F}.Debug|ARM64.Build.0 = Debug|Any CPU
		{A05492E0-3EE4-4164-8484-E6EC5CE16D0F}.Debug|x64.ActiveCfg = Debug|Any CPU
		{A05492E0-3EE4-4164-8484-E6EC5CE16D0F}.Debug|x64.Build.0 = Debug|Any CPU
		{A05492E0-3EE4-4164-8484-E6EC5CE16D0F}.Debug|x86.ActiveCfg = Debug|Any CPU
		{A05492E0-3EE4-4164-8484-E6EC5CE16D0F}.Debug|x86.Build.0 = Debug|Any CPU
		{A05492E0-3EE4-4164-8484-E6EC5CE16D0F}.Release|Any CPU.ActiveCfg = Release|Any CPU
		{A05492E0-3EE4-4164-8484-E6EC5CE16D0F}.Release|Any CPU.Build.0 = Release|Any CPU
		{A05492E0-3EE4-4164-8484-E6EC5CE16D0F}.Release|ARM.ActiveCfg = Release|Any CPU
		{A05492E0-3EE4-4164-8484-E6EC5CE16D0F}.Release|ARM.Build.0 = Release|Any CPU
		{A05492E0-3EE4-4164-8484-E6EC5CE16D0F}.Release|ARM64.ActiveCfg = Release|Any CPU
		{A05492E0-3EE4-4164-8484-E6EC5CE16D0F}.Release|ARM64.Build.0 = Release|Any CPU
		{A05492E0-3EE4-4164-8484-E6EC5CE16D0F}.Release|x64.ActiveCfg = Release|Any CPU
		{A05492E0-3EE4-4164-8484-E6EC5CE16D0F}.Release|x64.Build.0 = Release|Any CPU
		{A05492E0-3EE4-4164-8484-E6EC5CE16D0F}.Release|x86.ActiveCfg = Release|Any CPU
		{A05492E0-3EE4-4164-8484-E6EC5CE16D0F}.Release|x86.Build.0 = Release|Any CPU
	EndGlobalSection
	GlobalSection(SolutionProperties) = preSolution
		HideSolutionNode = FALSE
	EndGlobalSection
	GlobalSection(NestedProjects) = preSolution
		{565E511A-D8E4-403B-85ED-356ECC622ADF} = {5763AE6D-5D2B-416D-B4D8-5FE0AA5D12DF}
	EndGlobalSection
	GlobalSection(ExtensibilityGlobals) = postSolution
		SolutionGuid = {7F970483-6D84-4B58-9B0D-B4FB8745BD73}
	EndGlobalSection
EndGlobal
