
Microsoft Visual Studio Solution File, Format Version 12.00
# Visual Studio 15
VisualStudioVersion = 15.0.27703.2026
MinimumVisualStudioVersion = 10.0.40219.1
Project("{9A19103F-16F7-4668-BE54-9A1E7A4F7556}") = "Bitbird.Core.Json", "Bitbird.Core.Json\Bitbird.Core.Json.csproj", "{C225F77B-C2FD-4BAD-978F-2E2BD3B5DE0F}"
EndProject
Project("{9A19103F-16F7-4668-BE54-9A1E7A4F7556}") = "Bitbird.Core.Json.Helpers.ApiResource", "Bitbird.Core.Json.Helpers\Bitbird.Core.Json.Helpers.ApiResource.csproj", "{E5012A70-9ED8-4B14-AF5E-EC83DB50C607}"
	ProjectSection(ProjectDependencies) = postProject
		{C225F77B-C2FD-4BAD-978F-2E2BD3B5DE0F} = {C225F77B-C2FD-4BAD-978F-2E2BD3B5DE0F}
	EndProjectSection
EndProject
Project("{FAE04EC0-301F-11D3-BF4B-00C04F79EFBC}") = "Bitbird.Core.Json.Helpers.ApiResource.Tests", "Bitbird.Core.Json.Helpers.ApiResource.Tests\Bitbird.Core.Json.Helpers.ApiResource.Tests.csproj", "{D0CB91C1-EDDA-42C8-BF1C-AD07ABD91F92}"
	ProjectSection(ProjectDependencies) = postProject
		{E5012A70-9ED8-4B14-AF5E-EC83DB50C607} = {E5012A70-9ED8-4B14-AF5E-EC83DB50C607}
		{C225F77B-C2FD-4BAD-978F-2E2BD3B5DE0F} = {C225F77B-C2FD-4BAD-978F-2E2BD3B5DE0F}
	EndProjectSection
EndProject
Project("{9A19103F-16F7-4668-BE54-9A1E7A4F7556}") = "Bitbird.Core.Json.Helpers.JsonDataModel", "Bitbird.Core.Json.Helpers.JsonDataModel\Bitbird.Core.Json.Helpers.JsonDataModel.csproj", "{54CC940B-60AF-4D88-8691-B5CDC309C72E}"
EndProject
Project("{9A19103F-16F7-4668-BE54-9A1E7A4F7556}") = "Bitbird.Core.Json.Helpers.Base", "Bitbird.Core.Json.Helpers.Base\Bitbird.Core.Json.Helpers.Base.csproj", "{B02865FD-35CA-4B48-88F4-0032A499A57D}"
EndProject
Project("{9A19103F-16F7-4668-BE54-9A1E7A4F7556}") = "Bitbird.Core", "Bitbird.Core\Bitbird.Core.csproj", "{B882B7FF-75E0-4A51-91E0-D67F4D01211C}"
EndProject
Project("{FAE04EC0-301F-11D3-BF4B-00C04F79EFBC}") = "Bitbird.Core.WebApi.Net", "Bitbird.Core.WebApi.Net\Bitbird.Core.WebApi.Net.csproj", "{C65267F8-C53B-4008-8094-853479AFFD2C}"
EndProject
Project("{FAE04EC0-301F-11D3-BF4B-00C04F79EFBC}") = "Bitbird.Core.Data.Net", "Bitbird.Core.Data.Net\Bitbird.Core.Data.Net.csproj", "{4AE82B23-34A5-47FD-BFBA-5BC50210CC5E}"
EndProject
Project("{FAE04EC0-301F-11D3-BF4B-00C04F79EFBC}") = "Bitbird.Core.Net", "Bitbird.Core.Net\Bitbird.Core.Net.csproj", "{A05492E0-3EE4-4164-8484-E6EC5CE16D0F}"
EndProject
Project("{2150E333-8FDC-42A3-9474-1A3956D46DE8}") = "Solution Items", "Solution Items", "{33AEFCD1-4CFB-46E9-A964-1D6DF7F70442}"
	ProjectSection(SolutionItems) = preProject
		SharedAssemblyInfo.cs = SharedAssemblyInfo.cs
		SharedProperties.props = SharedProperties.props
	EndProjectSection
EndProject
Project("{2150E333-8FDC-42A3-9474-1A3956D46DE8}") = "JsonApi", "JsonApi", "{7A0E0C25-C47C-499F-809E-D8926EB477C0}"
EndProject
Project("{2150E333-8FDC-42A3-9474-1A3956D46DE8}") = "Tests", "Tests", "{66AA1C59-1C9E-4E2C-9E1A-09A97210755B}"
EndProject
Project("{2150E333-8FDC-42A3-9474-1A3956D46DE8}") = "Backend", "Backend", "{3C0F0ACB-F252-4F4D-9E3E-01A4F96D0764}"
EndProject
Project("{2150E333-8FDC-42A3-9474-1A3956D46DE8}") = "Core", "Core", "{E11DC62C-7FBF-4828-97FF-36751D7F2239}"
EndProject
Project("{2150E333-8FDC-42A3-9474-1A3956D46DE8}") = "Utils", "Utils", "{9CFD13AA-4FF1-4E4C-BFDF-30B5A8530C5E}"
EndProject
Project("{2150E333-8FDC-42A3-9474-1A3956D46DE8}") = "Tools", "Tools", "{8D71A998-7F10-4ECA-A89A-CD0BC6A69FC3}"
EndProject
Project("{9A19103F-16F7-4668-BE54-9A1E7A4F7556}") = "Bitbird.Core.Utils.Export.Xlsx", "Bitbird.Core.Utils.Export.Xlsx\Bitbird.Core.Utils.Export.Xlsx.csproj", "{7E62DED4-5D43-4B77-87DD-E00D0036AD7D}"
EndProject
Project("{FAE04EC0-301F-11D3-BF4B-00C04F79EFBC}") = "Bitbird.Core.Utils.AzureReporting.Net", "Bitbird.Core.Utils.AzureReporting.Net\Bitbird.Core.Utils.AzureReporting.Net.csproj", "{8CD9A562-2E60-4F0D-8443-19026329F022}"
EndProject
Project("{FAE04EC0-301F-11D3-BF4B-00C04F79EFBC}") = "Bitbird.Core.Api.Net", "Bitbird.Core.Api.Net\Bitbird.Core.Api.Net.csproj", "{5DEC161E-0E45-4186-AE5F-9656AE2FABB2}"
EndProject
Project("{FAE04EC0-301F-11D3-BF4B-00C04F79EFBC}") = "Bitbird.Core.Ide.Tools.Doc.DotNet", "Bitbird.Core.Ide.Tools.Doc.DotNet\Bitbird.Core.Ide.Tools.Doc.DotNet.csproj", "{DBFA3BF3-76C6-472A-8CFF-444ED3461075}"
EndProject
Project("{9A19103F-16F7-4668-BE54-9A1E7A4F7556}") = "Bitbird.Core.Ide.Tools.ReferenceSwitcher", "Bitbird.Core.Ide.Tools.ReferenceSwitcher\Bitbird.Core.Ide.Tools.ReferenceSwitcher.csproj", "{ABDB069B-2D19-40E5-B5EB-900787927C62}"
EndProject
Project("{2150E333-8FDC-42A3-9474-1A3956D46DE8}") = "Ide", "Ide", "{844D78CC-F286-468F-9A57-1FF454B6C0B0}"
EndProject
Project("{2150E333-8FDC-42A3-9474-1A3956D46DE8}") = "DevTools", "DevTools", "{FCED93D9-CE66-4E25-9A4E-A6C3E1D1E533}"
EndProject
Project("{FAE04EC0-301F-11D3-BF4B-00C04F79EFBC}") = "Bitbird.Core.Backend.DevTools.ModelGenerator.Net", "Bitbird.Core.Backend.DevTools.ModelGenerator.Net\Bitbird.Core.Backend.DevTools.ModelGenerator.Net.csproj", "{BD61A4DD-3296-4C90-A907-70263BBB552B}"
EndProject
Project("{FAE04EC0-301F-11D3-BF4B-00C04F79EFBC}") = "Bitbird.Core.Backend.DevTools.RestDoc.Net", "Bitbird.Core.Backend.DevTools.RestDoc.Net\Bitbird.Core.Backend.DevTools.RestDoc.Net.csproj", "{3206EBB6-7085-469A-934E-6B5C12BB857A}"
EndProject
Project("{9A19103F-16F7-4668-BE54-9A1E7A4F7556}") = "Bitbird.Core.Data", "Bitbird.Core.Data\Bitbird.Core.Data.csproj", "{98ACE9CD-C6BA-4D3C-B23C-58F986729F50}"
EndProject
Project("{9A19103F-16F7-4668-BE54-9A1E7A4F7556}") = "Bitbird.Core.Data.NetCore", "Bitbird.Core.Data.NetCore\Bitbird.Core.Data.NetCore.csproj", "{B1A3A87F-826F-4E9D-9CA5-B70B64E40A7D}"
EndProject
Project("{9A19103F-16F7-4668-BE54-9A1E7A4F7556}") = "Bitbird.Core.Api", "Bitbird.Core.Api\Bitbird.Core.Api.csproj", "{124F9D1D-CA8B-48CD-B008-DBD2CF01917D}"
EndProject
Project("{9A19103F-16F7-4668-BE54-9A1E7A4F7556}") = "Bitbird.Core.Api.NetCore", "Bitbird.Core.Api.NetCore\Bitbird.Core.Api.NetCore.csproj", "{2813D1E6-FCEC-4185-B2BB-2A56B3E66583}"
EndProject
Project("{9A19103F-16F7-4668-BE54-9A1E7A4F7556}") = "Bitbird.Core.NetCore", "Bitbird.Core.NetCore\Bitbird.Core.NetCore.csproj", "{8930CED8-D9D3-4A10-AC32-449BA521DED7}"
EndProject
Project("{2150E333-8FDC-42A3-9474-1A3956D46DE8}") = "Tests", "Tests", "{22EDBD89-1B46-4A61-8BF6-34D3CCAD7A0D}"
EndProject
Project("{FAE04EC0-301F-11D3-BF4B-00C04F79EFBC}") = "Bitbird.Core.Json.Tests", "Bitbird.Core.Json.Tests\Bitbird.Core.Json.Tests.csproj", "{D9D27DD1-72DC-42F8-9B7D-3D2A1A4C4D1D}"
EndProject
Project("{9A19103F-16F7-4668-BE54-9A1E7A4F7556}") = "Bitbird.Core.Tests", "Bitbird.Core.Tests\Bitbird.Core.Tests.csproj", "{9F4E493F-38B7-40DA-97FB-E63E124282F5}"
EndProject
Project("{FAE04EC0-301F-11D3-BF4B-00C04F79EFBC}") = "Bitbird.Core.Ide.Tools.Api.CliTools.Net", "Bitbird.Core.Ide.Tools.Api.CliTools.Net\Bitbird.Core.Ide.Tools.Api.CliTools.Net.csproj", "{C6EF4220-3E15-453B-83A2-46D3101A70B9}"
EndProject
Project("{2150E333-8FDC-42A3-9474-1A3956D46DE8}") = "Tests", "Tests", "{F50F5923-7904-47F1-ACF9-EE5E17C5F35A}"
EndProject
Project("{FAE04EC0-301F-11D3-BF4B-00C04F79EFBC}") = "Bitbird.Core.Data.Net.Tests", "Bitbird.Core.Data.Net.Tests\Bitbird.Core.Data.Net.Tests.csproj", "{014C1D6C-8852-4ABF-B57F-61021374496D}"
EndProject
Project("{9A19103F-16F7-4668-BE54-9A1E7A4F7556}") = "Bitbird.Core.Ide.Tools.Api.CliTools", "Bitbird.Core.Ide.Tools.Api.CliTools\Bitbird.Core.Ide.Tools.Api.CliTools.csproj", "{A292DB6C-3DC6-414C-B97C-C1F50EB4B186}"
EndProject
Project("{9A19103F-16F7-4668-BE54-9A1E7A4F7556}") = "Bitbird.Core.Ide.Tools.Api.CliTools.NetCore", "Bitbird.Core.Ide.Tools.Api.CliTools.NetCore\Bitbird.Core.Ide.Tools.Api.CliTools.NetCore.csproj", "{CCDA8F2B-840E-431D-8981-AB7AA67F9F00}"
EndProject
Project("{2150E333-8FDC-42A3-9474-1A3956D46DE8}") = ".Scripts", ".Scripts", "{4FB6F213-F16E-4D5B-A0AB-A33A4B6B9188}"
	ProjectSection(SolutionItems) = preProject
		Create-Package.ps1 = Create-Package.ps1
		Increase-Version.ps1 = Increase-Version.ps1
		Init-Local-Dev.ps1 = Init-Local-Dev.ps1
		Publish-To-Local.ps1 = Publish-To-Local.ps1
	EndProjectSection
EndProject
Project("{9A19103F-16F7-4668-BE54-9A1E7A4F7556}") = "Bitbird.Core.Web", "Bitbird.Core.Web\Bitbird.Core.Web.csproj", "{F94CF32F-B856-4D4A-992E-4B7C3D7F690D}"
EndProject
Project("{9A19103F-16F7-4668-BE54-9A1E7A4F7556}") = "Bitbird.Core.Web.AzureFunctions.V2.NetCore", "Bitbird.Core.Web.AzureFunctions.V2.NetCore\Bitbird.Core.Web.AzureFunctions.V2.NetCore.csproj", "{F57ED3C0-0D49-4FC9-9910-D79E09FE76EE}"
EndProject
Global
	GlobalSection(SolutionConfigurationPlatforms) = preSolution
		Debug|Any CPU = Debug|Any CPU
		Debug|ARM = Debug|ARM
		Debug|ARM64 = Debug|ARM64
		Debug|x64 = Debug|x64
		Debug|x86 = Debug|x86
		Release|Any CPU = Release|Any CPU
		Release|ARM = Release|ARM
		Release|ARM64 = Release|ARM64
		Release|x64 = Release|x64
		Release|x86 = Release|x86
	EndGlobalSection
	GlobalSection(ProjectConfigurationPlatforms) = postSolution
		{C225F77B-C2FD-4BAD-978F-2E2BD3B5DE0F}.Debug|Any CPU.ActiveCfg = Debug|Any CPU
		{C225F77B-C2FD-4BAD-978F-2E2BD3B5DE0F}.Debug|Any CPU.Build.0 = Debug|Any CPU
		{C225F77B-C2FD-4BAD-978F-2E2BD3B5DE0F}.Debug|ARM.ActiveCfg = Debug|Any CPU
		{C225F77B-C2FD-4BAD-978F-2E2BD3B5DE0F}.Debug|ARM.Build.0 = Debug|Any CPU
		{C225F77B-C2FD-4BAD-978F-2E2BD3B5DE0F}.Debug|ARM64.ActiveCfg = Debug|Any CPU
		{C225F77B-C2FD-4BAD-978F-2E2BD3B5DE0F}.Debug|ARM64.Build.0 = Debug|Any CPU
		{C225F77B-C2FD-4BAD-978F-2E2BD3B5DE0F}.Debug|x64.ActiveCfg = Debug|Any CPU
		{C225F77B-C2FD-4BAD-978F-2E2BD3B5DE0F}.Debug|x64.Build.0 = Debug|Any CPU
		{C225F77B-C2FD-4BAD-978F-2E2BD3B5DE0F}.Debug|x86.ActiveCfg = Debug|Any CPU
		{C225F77B-C2FD-4BAD-978F-2E2BD3B5DE0F}.Debug|x86.Build.0 = Debug|Any CPU
		{C225F77B-C2FD-4BAD-978F-2E2BD3B5DE0F}.Release|Any CPU.ActiveCfg = Release|Any CPU
		{C225F77B-C2FD-4BAD-978F-2E2BD3B5DE0F}.Release|Any CPU.Build.0 = Release|Any CPU
		{C225F77B-C2FD-4BAD-978F-2E2BD3B5DE0F}.Release|ARM.ActiveCfg = Release|Any CPU
		{C225F77B-C2FD-4BAD-978F-2E2BD3B5DE0F}.Release|ARM.Build.0 = Release|Any CPU
		{C225F77B-C2FD-4BAD-978F-2E2BD3B5DE0F}.Release|ARM64.ActiveCfg = Release|Any CPU
		{C225F77B-C2FD-4BAD-978F-2E2BD3B5DE0F}.Release|ARM64.Build.0 = Release|Any CPU
		{C225F77B-C2FD-4BAD-978F-2E2BD3B5DE0F}.Release|x64.ActiveCfg = Release|Any CPU
		{C225F77B-C2FD-4BAD-978F-2E2BD3B5DE0F}.Release|x64.Build.0 = Release|Any CPU
		{C225F77B-C2FD-4BAD-978F-2E2BD3B5DE0F}.Release|x86.ActiveCfg = Release|Any CPU
		{C225F77B-C2FD-4BAD-978F-2E2BD3B5DE0F}.Release|x86.Build.0 = Release|Any CPU
		{E5012A70-9ED8-4B14-AF5E-EC83DB50C607}.Debug|Any CPU.ActiveCfg = Debug|Any CPU
		{E5012A70-9ED8-4B14-AF5E-EC83DB50C607}.Debug|Any CPU.Build.0 = Debug|Any CPU
		{E5012A70-9ED8-4B14-AF5E-EC83DB50C607}.Debug|ARM.ActiveCfg = Debug|Any CPU
		{E5012A70-9ED8-4B14-AF5E-EC83DB50C607}.Debug|ARM.Build.0 = Debug|Any CPU
		{E5012A70-9ED8-4B14-AF5E-EC83DB50C607}.Debug|ARM64.ActiveCfg = Debug|Any CPU
		{E5012A70-9ED8-4B14-AF5E-EC83DB50C607}.Debug|ARM64.Build.0 = Debug|Any CPU
		{E5012A70-9ED8-4B14-AF5E-EC83DB50C607}.Debug|x64.ActiveCfg = Debug|Any CPU
		{E5012A70-9ED8-4B14-AF5E-EC83DB50C607}.Debug|x64.Build.0 = Debug|Any CPU
		{E5012A70-9ED8-4B14-AF5E-EC83DB50C607}.Debug|x86.ActiveCfg = Debug|Any CPU
		{E5012A70-9ED8-4B14-AF5E-EC83DB50C607}.Debug|x86.Build.0 = Debug|Any CPU
		{E5012A70-9ED8-4B14-AF5E-EC83DB50C607}.Release|Any CPU.ActiveCfg = Release|Any CPU
		{E5012A70-9ED8-4B14-AF5E-EC83DB50C607}.Release|Any CPU.Build.0 = Release|Any CPU
		{E5012A70-9ED8-4B14-AF5E-EC83DB50C607}.Release|ARM.ActiveCfg = Release|Any CPU
		{E5012A70-9ED8-4B14-AF5E-EC83DB50C607}.Release|ARM.Build.0 = Release|Any CPU
		{E5012A70-9ED8-4B14-AF5E-EC83DB50C607}.Release|ARM64.ActiveCfg = Release|Any CPU
		{E5012A70-9ED8-4B14-AF5E-EC83DB50C607}.Release|ARM64.Build.0 = Release|Any CPU
		{E5012A70-9ED8-4B14-AF5E-EC83DB50C607}.Release|x64.ActiveCfg = Release|Any CPU
		{E5012A70-9ED8-4B14-AF5E-EC83DB50C607}.Release|x64.Build.0 = Release|Any CPU
		{E5012A70-9ED8-4B14-AF5E-EC83DB50C607}.Release|x86.ActiveCfg = Release|Any CPU
		{E5012A70-9ED8-4B14-AF5E-EC83DB50C607}.Release|x86.Build.0 = Release|Any CPU
		{D0CB91C1-EDDA-42C8-BF1C-AD07ABD91F92}.Debug|Any CPU.ActiveCfg = Debug|Any CPU
		{D0CB91C1-EDDA-42C8-BF1C-AD07ABD91F92}.Debug|Any CPU.Build.0 = Debug|Any CPU
		{D0CB91C1-EDDA-42C8-BF1C-AD07ABD91F92}.Debug|ARM.ActiveCfg = Debug|Any CPU
		{D0CB91C1-EDDA-42C8-BF1C-AD07ABD91F92}.Debug|ARM.Build.0 = Debug|Any CPU
		{D0CB91C1-EDDA-42C8-BF1C-AD07ABD91F92}.Debug|ARM64.ActiveCfg = Debug|Any CPU
		{D0CB91C1-EDDA-42C8-BF1C-AD07ABD91F92}.Debug|ARM64.Build.0 = Debug|Any CPU
		{D0CB91C1-EDDA-42C8-BF1C-AD07ABD91F92}.Debug|x64.ActiveCfg = Debug|Any CPU
		{D0CB91C1-EDDA-42C8-BF1C-AD07ABD91F92}.Debug|x64.Build.0 = Debug|Any CPU
		{D0CB91C1-EDDA-42C8-BF1C-AD07ABD91F92}.Debug|x86.ActiveCfg = Debug|Any CPU
		{D0CB91C1-EDDA-42C8-BF1C-AD07ABD91F92}.Debug|x86.Build.0 = Debug|Any CPU
		{D0CB91C1-EDDA-42C8-BF1C-AD07ABD91F92}.Release|Any CPU.ActiveCfg = Release|Any CPU
		{D0CB91C1-EDDA-42C8-BF1C-AD07ABD91F92}.Release|Any CPU.Build.0 = Release|Any CPU
		{D0CB91C1-EDDA-42C8-BF1C-AD07ABD91F92}.Release|ARM.ActiveCfg = Release|Any CPU
		{D0CB91C1-EDDA-42C8-BF1C-AD07ABD91F92}.Release|ARM.Build.0 = Release|Any CPU
		{D0CB91C1-EDDA-42C8-BF1C-AD07ABD91F92}.Release|ARM64.ActiveCfg = Release|Any CPU
		{D0CB91C1-EDDA-42C8-BF1C-AD07ABD91F92}.Release|ARM64.Build.0 = Release|Any CPU
		{D0CB91C1-EDDA-42C8-BF1C-AD07ABD91F92}.Release|x64.ActiveCfg = Release|Any CPU
		{D0CB91C1-EDDA-42C8-BF1C-AD07ABD91F92}.Release|x64.Build.0 = Release|Any CPU
		{D0CB91C1-EDDA-42C8-BF1C-AD07ABD91F92}.Release|x86.ActiveCfg = Release|Any CPU
		{D0CB91C1-EDDA-42C8-BF1C-AD07ABD91F92}.Release|x86.Build.0 = Release|Any CPU
		{54CC940B-60AF-4D88-8691-B5CDC309C72E}.Debug|Any CPU.ActiveCfg = Debug|Any CPU
		{54CC940B-60AF-4D88-8691-B5CDC309C72E}.Debug|Any CPU.Build.0 = Debug|Any CPU
		{54CC940B-60AF-4D88-8691-B5CDC309C72E}.Debug|ARM.ActiveCfg = Debug|Any CPU
		{54CC940B-60AF-4D88-8691-B5CDC309C72E}.Debug|ARM.Build.0 = Debug|Any CPU
		{54CC940B-60AF-4D88-8691-B5CDC309C72E}.Debug|ARM64.ActiveCfg = Debug|Any CPU
		{54CC940B-60AF-4D88-8691-B5CDC309C72E}.Debug|ARM64.Build.0 = Debug|Any CPU
		{54CC940B-60AF-4D88-8691-B5CDC309C72E}.Debug|x64.ActiveCfg = Debug|Any CPU
		{54CC940B-60AF-4D88-8691-B5CDC309C72E}.Debug|x64.Build.0 = Debug|Any CPU
		{54CC940B-60AF-4D88-8691-B5CDC309C72E}.Debug|x86.ActiveCfg = Debug|Any CPU
		{54CC940B-60AF-4D88-8691-B5CDC309C72E}.Debug|x86.Build.0 = Debug|Any CPU
		{54CC940B-60AF-4D88-8691-B5CDC309C72E}.Release|Any CPU.ActiveCfg = Release|Any CPU
		{54CC940B-60AF-4D88-8691-B5CDC309C72E}.Release|Any CPU.Build.0 = Release|Any CPU
		{54CC940B-60AF-4D88-8691-B5CDC309C72E}.Release|ARM.ActiveCfg = Release|Any CPU
		{54CC940B-60AF-4D88-8691-B5CDC309C72E}.Release|ARM.Build.0 = Release|Any CPU
		{54CC940B-60AF-4D88-8691-B5CDC309C72E}.Release|ARM64.ActiveCfg = Release|Any CPU
		{54CC940B-60AF-4D88-8691-B5CDC309C72E}.Release|ARM64.Build.0 = Release|Any CPU
		{54CC940B-60AF-4D88-8691-B5CDC309C72E}.Release|x64.ActiveCfg = Release|Any CPU
		{54CC940B-60AF-4D88-8691-B5CDC309C72E}.Release|x64.Build.0 = Release|Any CPU
		{54CC940B-60AF-4D88-8691-B5CDC309C72E}.Release|x86.ActiveCfg = Release|Any CPU
		{54CC940B-60AF-4D88-8691-B5CDC309C72E}.Release|x86.Build.0 = Release|Any CPU
		{B02865FD-35CA-4B48-88F4-0032A499A57D}.Debug|Any CPU.ActiveCfg = Debug|Any CPU
		{B02865FD-35CA-4B48-88F4-0032A499A57D}.Debug|Any CPU.Build.0 = Debug|Any CPU
		{B02865FD-35CA-4B48-88F4-0032A499A57D}.Debug|ARM.ActiveCfg = Debug|Any CPU
		{B02865FD-35CA-4B48-88F4-0032A499A57D}.Debug|ARM.Build.0 = Debug|Any CPU
		{B02865FD-35CA-4B48-88F4-0032A499A57D}.Debug|ARM64.ActiveCfg = Debug|Any CPU
		{B02865FD-35CA-4B48-88F4-0032A499A57D}.Debug|ARM64.Build.0 = Debug|Any CPU
		{B02865FD-35CA-4B48-88F4-0032A499A57D}.Debug|x64.ActiveCfg = Debug|Any CPU
		{B02865FD-35CA-4B48-88F4-0032A499A57D}.Debug|x64.Build.0 = Debug|Any CPU
		{B02865FD-35CA-4B48-88F4-0032A499A57D}.Debug|x86.ActiveCfg = Debug|Any CPU
		{B02865FD-35CA-4B48-88F4-0032A499A57D}.Debug|x86.Build.0 = Debug|Any CPU
		{B02865FD-35CA-4B48-88F4-0032A499A57D}.Release|Any CPU.ActiveCfg = Release|Any CPU
		{B02865FD-35CA-4B48-88F4-0032A499A57D}.Release|Any CPU.Build.0 = Release|Any CPU
		{B02865FD-35CA-4B48-88F4-0032A499A57D}.Release|ARM.ActiveCfg = Release|Any CPU
		{B02865FD-35CA-4B48-88F4-0032A499A57D}.Release|ARM.Build.0 = Release|Any CPU
		{B02865FD-35CA-4B48-88F4-0032A499A57D}.Release|ARM64.ActiveCfg = Release|Any CPU
		{B02865FD-35CA-4B48-88F4-0032A499A57D}.Release|ARM64.Build.0 = Release|Any CPU
		{B02865FD-35CA-4B48-88F4-0032A499A57D}.Release|x64.ActiveCfg = Release|Any CPU
		{B02865FD-35CA-4B48-88F4-0032A499A57D}.Release|x64.Build.0 = Release|Any CPU
		{B02865FD-35CA-4B48-88F4-0032A499A57D}.Release|x86.ActiveCfg = Release|Any CPU
		{B02865FD-35CA-4B48-88F4-0032A499A57D}.Release|x86.Build.0 = Release|Any CPU
		{B882B7FF-75E0-4A51-91E0-D67F4D01211C}.Debug|Any CPU.ActiveCfg = Debug|Any CPU
		{B882B7FF-75E0-4A51-91E0-D67F4D01211C}.Debug|Any CPU.Build.0 = Debug|Any CPU
		{B882B7FF-75E0-4A51-91E0-D67F4D01211C}.Debug|ARM.ActiveCfg = Debug|Any CPU
		{B882B7FF-75E0-4A51-91E0-D67F4D01211C}.Debug|ARM.Build.0 = Debug|Any CPU
		{B882B7FF-75E0-4A51-91E0-D67F4D01211C}.Debug|ARM64.ActiveCfg = Debug|Any CPU
		{B882B7FF-75E0-4A51-91E0-D67F4D01211C}.Debug|ARM64.Build.0 = Debug|Any CPU
		{B882B7FF-75E0-4A51-91E0-D67F4D01211C}.Debug|x64.ActiveCfg = Debug|Any CPU
		{B882B7FF-75E0-4A51-91E0-D67F4D01211C}.Debug|x64.Build.0 = Debug|Any CPU
		{B882B7FF-75E0-4A51-91E0-D67F4D01211C}.Debug|x86.ActiveCfg = Debug|Any CPU
		{B882B7FF-75E0-4A51-91E0-D67F4D01211C}.Debug|x86.Build.0 = Debug|Any CPU
		{B882B7FF-75E0-4A51-91E0-D67F4D01211C}.Release|Any CPU.ActiveCfg = Release|Any CPU
		{B882B7FF-75E0-4A51-91E0-D67F4D01211C}.Release|Any CPU.Build.0 = Release|Any CPU
		{B882B7FF-75E0-4A51-91E0-D67F4D01211C}.Release|ARM.ActiveCfg = Release|Any CPU
		{B882B7FF-75E0-4A51-91E0-D67F4D01211C}.Release|ARM.Build.0 = Release|Any CPU
		{B882B7FF-75E0-4A51-91E0-D67F4D01211C}.Release|ARM64.ActiveCfg = Release|Any CPU
		{B882B7FF-75E0-4A51-91E0-D67F4D01211C}.Release|ARM64.Build.0 = Release|Any CPU
		{B882B7FF-75E0-4A51-91E0-D67F4D01211C}.Release|x64.ActiveCfg = Release|Any CPU
		{B882B7FF-75E0-4A51-91E0-D67F4D01211C}.Release|x64.Build.0 = Release|Any CPU
		{B882B7FF-75E0-4A51-91E0-D67F4D01211C}.Release|x86.ActiveCfg = Release|Any CPU
		{B882B7FF-75E0-4A51-91E0-D67F4D01211C}.Release|x86.Build.0 = Release|Any CPU
		{C65267F8-C53B-4008-8094-853479AFFD2C}.Debug|Any CPU.ActiveCfg = Debug|Any CPU
		{C65267F8-C53B-4008-8094-853479AFFD2C}.Debug|Any CPU.Build.0 = Debug|Any CPU
		{C65267F8-C53B-4008-8094-853479AFFD2C}.Debug|ARM.ActiveCfg = Debug|Any CPU
		{C65267F8-C53B-4008-8094-853479AFFD2C}.Debug|ARM.Build.0 = Debug|Any CPU
		{C65267F8-C53B-4008-8094-853479AFFD2C}.Debug|ARM64.ActiveCfg = Debug|Any CPU
		{C65267F8-C53B-4008-8094-853479AFFD2C}.Debug|ARM64.Build.0 = Debug|Any CPU
		{C65267F8-C53B-4008-8094-853479AFFD2C}.Debug|x64.ActiveCfg = Debug|Any CPU
		{C65267F8-C53B-4008-8094-853479AFFD2C}.Debug|x64.Build.0 = Debug|Any CPU
		{C65267F8-C53B-4008-8094-853479AFFD2C}.Debug|x86.ActiveCfg = Debug|Any CPU
		{C65267F8-C53B-4008-8094-853479AFFD2C}.Debug|x86.Build.0 = Debug|Any CPU
		{C65267F8-C53B-4008-8094-853479AFFD2C}.Release|Any CPU.ActiveCfg = Release|Any CPU
		{C65267F8-C53B-4008-8094-853479AFFD2C}.Release|Any CPU.Build.0 = Release|Any CPU
		{C65267F8-C53B-4008-8094-853479AFFD2C}.Release|ARM.ActiveCfg = Release|Any CPU
		{C65267F8-C53B-4008-8094-853479AFFD2C}.Release|ARM.Build.0 = Release|Any CPU
		{C65267F8-C53B-4008-8094-853479AFFD2C}.Release|ARM64.ActiveCfg = Release|Any CPU
		{C65267F8-C53B-4008-8094-853479AFFD2C}.Release|ARM64.Build.0 = Release|Any CPU
		{C65267F8-C53B-4008-8094-853479AFFD2C}.Release|x64.ActiveCfg = Release|Any CPU
		{C65267F8-C53B-4008-8094-853479AFFD2C}.Release|x64.Build.0 = Release|Any CPU
		{C65267F8-C53B-4008-8094-853479AFFD2C}.Release|x86.ActiveCfg = Release|Any CPU
		{C65267F8-C53B-4008-8094-853479AFFD2C}.Release|x86.Build.0 = Release|Any CPU
		{4AE82B23-34A5-47FD-BFBA-5BC50210CC5E}.Debug|Any CPU.ActiveCfg = Debug|Any CPU
		{4AE82B23-34A5-47FD-BFBA-5BC50210CC5E}.Debug|Any CPU.Build.0 = Debug|Any CPU
		{4AE82B23-34A5-47FD-BFBA-5BC50210CC5E}.Debug|ARM.ActiveCfg = Debug|Any CPU
		{4AE82B23-34A5-47FD-BFBA-5BC50210CC5E}.Debug|ARM.Build.0 = Debug|Any CPU
		{4AE82B23-34A5-47FD-BFBA-5BC50210CC5E}.Debug|ARM64.ActiveCfg = Debug|Any CPU
		{4AE82B23-34A5-47FD-BFBA-5BC50210CC5E}.Debug|ARM64.Build.0 = Debug|Any CPU
		{4AE82B23-34A5-47FD-BFBA-5BC50210CC5E}.Debug|x64.ActiveCfg = Debug|Any CPU
		{4AE82B23-34A5-47FD-BFBA-5BC50210CC5E}.Debug|x64.Build.0 = Debug|Any CPU
		{4AE82B23-34A5-47FD-BFBA-5BC50210CC5E}.Debug|x86.ActiveCfg = Debug|Any CPU
		{4AE82B23-34A5-47FD-BFBA-5BC50210CC5E}.Debug|x86.Build.0 = Debug|Any CPU
		{4AE82B23-34A5-47FD-BFBA-5BC50210CC5E}.Release|Any CPU.ActiveCfg = Release|Any CPU
		{4AE82B23-34A5-47FD-BFBA-5BC50210CC5E}.Release|Any CPU.Build.0 = Release|Any CPU
		{4AE82B23-34A5-47FD-BFBA-5BC50210CC5E}.Release|ARM.ActiveCfg = Release|Any CPU
		{4AE82B23-34A5-47FD-BFBA-5BC50210CC5E}.Release|ARM.Build.0 = Release|Any CPU
		{4AE82B23-34A5-47FD-BFBA-5BC50210CC5E}.Release|ARM64.ActiveCfg = Release|Any CPU
		{4AE82B23-34A5-47FD-BFBA-5BC50210CC5E}.Release|ARM64.Build.0 = Release|Any CPU
		{4AE82B23-34A5-47FD-BFBA-5BC50210CC5E}.Release|x64.ActiveCfg = Release|Any CPU
		{4AE82B23-34A5-47FD-BFBA-5BC50210CC5E}.Release|x64.Build.0 = Release|Any CPU
		{4AE82B23-34A5-47FD-BFBA-5BC50210CC5E}.Release|x86.ActiveCfg = Release|Any CPU
		{4AE82B23-34A5-47FD-BFBA-5BC50210CC5E}.Release|x86.Build.0 = Release|Any CPU
		{A05492E0-3EE4-4164-8484-E6EC5CE16D0F}.Debug|Any CPU.ActiveCfg = Debug|Any CPU
		{A05492E0-3EE4-4164-8484-E6EC5CE16D0F}.Debug|Any CPU.Build.0 = Debug|Any CPU
		{A05492E0-3EE4-4164-8484-E6EC5CE16D0F}.Debug|ARM.ActiveCfg = Debug|Any CPU
		{A05492E0-3EE4-4164-8484-E6EC5CE16D0F}.Debug|ARM.Build.0 = Debug|Any CPU
		{A05492E0-3EE4-4164-8484-E6EC5CE16D0F}.Debug|ARM64.ActiveCfg = Debug|Any CPU
		{A05492E0-3EE4-4164-8484-E6EC5CE16D0F}.Debug|ARM64.Build.0 = Debug|Any CPU
		{A05492E0-3EE4-4164-8484-E6EC5CE16D0F}.Debug|x64.ActiveCfg = Debug|Any CPU
		{A05492E0-3EE4-4164-8484-E6EC5CE16D0F}.Debug|x64.Build.0 = Debug|Any CPU
		{A05492E0-3EE4-4164-8484-E6EC5CE16D0F}.Debug|x86.ActiveCfg = Debug|Any CPU
		{A05492E0-3EE4-4164-8484-E6EC5CE16D0F}.Debug|x86.Build.0 = Debug|Any CPU
		{A05492E0-3EE4-4164-8484-E6EC5CE16D0F}.Release|Any CPU.ActiveCfg = Release|Any CPU
		{A05492E0-3EE4-4164-8484-E6EC5CE16D0F}.Release|Any CPU.Build.0 = Release|Any CPU
		{A05492E0-3EE4-4164-8484-E6EC5CE16D0F}.Release|ARM.ActiveCfg = Release|Any CPU
		{A05492E0-3EE4-4164-8484-E6EC5CE16D0F}.Release|ARM.Build.0 = Release|Any CPU
		{A05492E0-3EE4-4164-8484-E6EC5CE16D0F}.Release|ARM64.ActiveCfg = Release|Any CPU
		{A05492E0-3EE4-4164-8484-E6EC5CE16D0F}.Release|ARM64.Build.0 = Release|Any CPU
		{A05492E0-3EE4-4164-8484-E6EC5CE16D0F}.Release|x64.ActiveCfg = Release|Any CPU
		{A05492E0-3EE4-4164-8484-E6EC5CE16D0F}.Release|x64.Build.0 = Release|Any CPU
		{A05492E0-3EE4-4164-8484-E6EC5CE16D0F}.Release|x86.ActiveCfg = Release|Any CPU
		{A05492E0-3EE4-4164-8484-E6EC5CE16D0F}.Release|x86.Build.0 = Release|Any CPU
		{7E62DED4-5D43-4B77-87DD-E00D0036AD7D}.Debug|Any CPU.ActiveCfg = Debug|Any CPU
		{7E62DED4-5D43-4B77-87DD-E00D0036AD7D}.Debug|Any CPU.Build.0 = Debug|Any CPU
		{7E62DED4-5D43-4B77-87DD-E00D0036AD7D}.Debug|ARM.ActiveCfg = Debug|Any CPU
		{7E62DED4-5D43-4B77-87DD-E00D0036AD7D}.Debug|ARM.Build.0 = Debug|Any CPU
		{7E62DED4-5D43-4B77-87DD-E00D0036AD7D}.Debug|ARM64.ActiveCfg = Debug|Any CPU
		{7E62DED4-5D43-4B77-87DD-E00D0036AD7D}.Debug|ARM64.Build.0 = Debug|Any CPU
		{7E62DED4-5D43-4B77-87DD-E00D0036AD7D}.Debug|x64.ActiveCfg = Debug|Any CPU
		{7E62DED4-5D43-4B77-87DD-E00D0036AD7D}.Debug|x64.Build.0 = Debug|Any CPU
		{7E62DED4-5D43-4B77-87DD-E00D0036AD7D}.Debug|x86.ActiveCfg = Debug|Any CPU
		{7E62DED4-5D43-4B77-87DD-E00D0036AD7D}.Debug|x86.Build.0 = Debug|Any CPU
		{7E62DED4-5D43-4B77-87DD-E00D0036AD7D}.Release|Any CPU.ActiveCfg = Release|Any CPU
		{7E62DED4-5D43-4B77-87DD-E00D0036AD7D}.Release|Any CPU.Build.0 = Release|Any CPU
		{7E62DED4-5D43-4B77-87DD-E00D0036AD7D}.Release|ARM.ActiveCfg = Release|Any CPU
		{7E62DED4-5D43-4B77-87DD-E00D0036AD7D}.Release|ARM.Build.0 = Release|Any CPU
		{7E62DED4-5D43-4B77-87DD-E00D0036AD7D}.Release|ARM64.ActiveCfg = Release|Any CPU
		{7E62DED4-5D43-4B77-87DD-E00D0036AD7D}.Release|ARM64.Build.0 = Release|Any CPU
		{7E62DED4-5D43-4B77-87DD-E00D0036AD7D}.Release|x64.ActiveCfg = Release|Any CPU
		{7E62DED4-5D43-4B77-87DD-E00D0036AD7D}.Release|x64.Build.0 = Release|Any CPU
		{7E62DED4-5D43-4B77-87DD-E00D0036AD7D}.Release|x86.ActiveCfg = Release|Any CPU
		{7E62DED4-5D43-4B77-87DD-E00D0036AD7D}.Release|x86.Build.0 = Release|Any CPU
		{8CD9A562-2E60-4F0D-8443-19026329F022}.Debug|Any CPU.ActiveCfg = Debug|Any CPU
		{8CD9A562-2E60-4F0D-8443-19026329F022}.Debug|Any CPU.Build.0 = Debug|Any CPU
		{8CD9A562-2E60-4F0D-8443-19026329F022}.Debug|ARM.ActiveCfg = Debug|Any CPU
		{8CD9A562-2E60-4F0D-8443-19026329F022}.Debug|ARM.Build.0 = Debug|Any CPU
		{8CD9A562-2E60-4F0D-8443-19026329F022}.Debug|ARM64.ActiveCfg = Debug|Any CPU
		{8CD9A562-2E60-4F0D-8443-19026329F022}.Debug|ARM64.Build.0 = Debug|Any CPU
		{8CD9A562-2E60-4F0D-8443-19026329F022}.Debug|x64.ActiveCfg = Debug|Any CPU
		{8CD9A562-2E60-4F0D-8443-19026329F022}.Debug|x64.Build.0 = Debug|Any CPU
		{8CD9A562-2E60-4F0D-8443-19026329F022}.Debug|x86.ActiveCfg = Debug|Any CPU
		{8CD9A562-2E60-4F0D-8443-19026329F022}.Debug|x86.Build.0 = Debug|Any CPU
		{8CD9A562-2E60-4F0D-8443-19026329F022}.Release|Any CPU.ActiveCfg = Release|Any CPU
		{8CD9A562-2E60-4F0D-8443-19026329F022}.Release|Any CPU.Build.0 = Release|Any CPU
		{8CD9A562-2E60-4F0D-8443-19026329F022}.Release|ARM.ActiveCfg = Release|Any CPU
		{8CD9A562-2E60-4F0D-8443-19026329F022}.Release|ARM.Build.0 = Release|Any CPU
		{8CD9A562-2E60-4F0D-8443-19026329F022}.Release|ARM64.ActiveCfg = Release|Any CPU
		{8CD9A562-2E60-4F0D-8443-19026329F022}.Release|ARM64.Build.0 = Release|Any CPU
		{8CD9A562-2E60-4F0D-8443-19026329F022}.Release|x64.ActiveCfg = Release|Any CPU
		{8CD9A562-2E60-4F0D-8443-19026329F022}.Release|x64.Build.0 = Release|Any CPU
		{8CD9A562-2E60-4F0D-8443-19026329F022}.Release|x86.ActiveCfg = Release|Any CPU
		{8CD9A562-2E60-4F0D-8443-19026329F022}.Release|x86.Build.0 = Release|Any CPU
		{5DEC161E-0E45-4186-AE5F-9656AE2FABB2}.Debug|Any CPU.ActiveCfg = Debug|Any CPU
		{5DEC161E-0E45-4186-AE5F-9656AE2FABB2}.Debug|Any CPU.Build.0 = Debug|Any CPU
		{5DEC161E-0E45-4186-AE5F-9656AE2FABB2}.Debug|ARM.ActiveCfg = Debug|Any CPU
		{5DEC161E-0E45-4186-AE5F-9656AE2FABB2}.Debug|ARM.Build.0 = Debug|Any CPU
		{5DEC161E-0E45-4186-AE5F-9656AE2FABB2}.Debug|ARM64.ActiveCfg = Debug|Any CPU
		{5DEC161E-0E45-4186-AE5F-9656AE2FABB2}.Debug|ARM64.Build.0 = Debug|Any CPU
		{5DEC161E-0E45-4186-AE5F-9656AE2FABB2}.Debug|x64.ActiveCfg = Debug|Any CPU
		{5DEC161E-0E45-4186-AE5F-9656AE2FABB2}.Debug|x64.Build.0 = Debug|Any CPU
		{5DEC161E-0E45-4186-AE5F-9656AE2FABB2}.Debug|x86.ActiveCfg = Debug|Any CPU
		{5DEC161E-0E45-4186-AE5F-9656AE2FABB2}.Debug|x86.Build.0 = Debug|Any CPU
		{5DEC161E-0E45-4186-AE5F-9656AE2FABB2}.Release|Any CPU.ActiveCfg = Release|Any CPU
		{5DEC161E-0E45-4186-AE5F-9656AE2FABB2}.Release|Any CPU.Build.0 = Release|Any CPU
		{5DEC161E-0E45-4186-AE5F-9656AE2FABB2}.Release|ARM.ActiveCfg = Release|Any CPU
		{5DEC161E-0E45-4186-AE5F-9656AE2FABB2}.Release|ARM.Build.0 = Release|Any CPU
		{5DEC161E-0E45-4186-AE5F-9656AE2FABB2}.Release|ARM64.ActiveCfg = Release|Any CPU
		{5DEC161E-0E45-4186-AE5F-9656AE2FABB2}.Release|ARM64.Build.0 = Release|Any CPU
		{5DEC161E-0E45-4186-AE5F-9656AE2FABB2}.Release|x64.ActiveCfg = Release|Any CPU
		{5DEC161E-0E45-4186-AE5F-9656AE2FABB2}.Release|x64.Build.0 = Release|Any CPU
		{5DEC161E-0E45-4186-AE5F-9656AE2FABB2}.Release|x86.ActiveCfg = Release|Any CPU
		{5DEC161E-0E45-4186-AE5F-9656AE2FABB2}.Release|x86.Build.0 = Release|Any CPU
		{DBFA3BF3-76C6-472A-8CFF-444ED3461075}.Debug|Any CPU.ActiveCfg = Debug|Any CPU
		{DBFA3BF3-76C6-472A-8CFF-444ED3461075}.Debug|Any CPU.Build.0 = Debug|Any CPU
		{DBFA3BF3-76C6-472A-8CFF-444ED3461075}.Debug|ARM.ActiveCfg = Debug|Any CPU
		{DBFA3BF3-76C6-472A-8CFF-444ED3461075}.Debug|ARM.Build.0 = Debug|Any CPU
		{DBFA3BF3-76C6-472A-8CFF-444ED3461075}.Debug|ARM64.ActiveCfg = Debug|Any CPU
		{DBFA3BF3-76C6-472A-8CFF-444ED3461075}.Debug|ARM64.Build.0 = Debug|Any CPU
		{DBFA3BF3-76C6-472A-8CFF-444ED3461075}.Debug|x64.ActiveCfg = Debug|Any CPU
		{DBFA3BF3-76C6-472A-8CFF-444ED3461075}.Debug|x64.Build.0 = Debug|Any CPU
		{DBFA3BF3-76C6-472A-8CFF-444ED3461075}.Debug|x86.ActiveCfg = Debug|Any CPU
		{DBFA3BF3-76C6-472A-8CFF-444ED3461075}.Debug|x86.Build.0 = Debug|Any CPU
		{DBFA3BF3-76C6-472A-8CFF-444ED3461075}.Release|Any CPU.ActiveCfg = Release|Any CPU
		{DBFA3BF3-76C6-472A-8CFF-444ED3461075}.Release|Any CPU.Build.0 = Release|Any CPU
		{DBFA3BF3-76C6-472A-8CFF-444ED3461075}.Release|ARM.ActiveCfg = Release|Any CPU
		{DBFA3BF3-76C6-472A-8CFF-444ED3461075}.Release|ARM.Build.0 = Release|Any CPU
		{DBFA3BF3-76C6-472A-8CFF-444ED3461075}.Release|ARM64.ActiveCfg = Release|Any CPU
		{DBFA3BF3-76C6-472A-8CFF-444ED3461075}.Release|ARM64.Build.0 = Release|Any CPU
		{DBFA3BF3-76C6-472A-8CFF-444ED3461075}.Release|x64.ActiveCfg = Release|Any CPU
		{DBFA3BF3-76C6-472A-8CFF-444ED3461075}.Release|x64.Build.0 = Release|Any CPU
		{DBFA3BF3-76C6-472A-8CFF-444ED3461075}.Release|x86.ActiveCfg = Release|Any CPU
		{DBFA3BF3-76C6-472A-8CFF-444ED3461075}.Release|x86.Build.0 = Release|Any CPU
		{ABDB069B-2D19-40E5-B5EB-900787927C62}.Debug|Any CPU.ActiveCfg = Debug|Any CPU
		{ABDB069B-2D19-40E5-B5EB-900787927C62}.Debug|Any CPU.Build.0 = Debug|Any CPU
		{ABDB069B-2D19-40E5-B5EB-900787927C62}.Debug|ARM.ActiveCfg = Debug|Any CPU
		{ABDB069B-2D19-40E5-B5EB-900787927C62}.Debug|ARM.Build.0 = Debug|Any CPU
		{ABDB069B-2D19-40E5-B5EB-900787927C62}.Debug|ARM64.ActiveCfg = Debug|Any CPU
		{ABDB069B-2D19-40E5-B5EB-900787927C62}.Debug|ARM64.Build.0 = Debug|Any CPU
		{ABDB069B-2D19-40E5-B5EB-900787927C62}.Debug|x64.ActiveCfg = Debug|Any CPU
		{ABDB069B-2D19-40E5-B5EB-900787927C62}.Debug|x64.Build.0 = Debug|Any CPU
		{ABDB069B-2D19-40E5-B5EB-900787927C62}.Debug|x86.ActiveCfg = Debug|Any CPU
		{ABDB069B-2D19-40E5-B5EB-900787927C62}.Debug|x86.Build.0 = Debug|Any CPU
		{ABDB069B-2D19-40E5-B5EB-900787927C62}.Release|Any CPU.ActiveCfg = Release|Any CPU
		{ABDB069B-2D19-40E5-B5EB-900787927C62}.Release|Any CPU.Build.0 = Release|Any CPU
		{ABDB069B-2D19-40E5-B5EB-900787927C62}.Release|ARM.ActiveCfg = Release|Any CPU
		{ABDB069B-2D19-40E5-B5EB-900787927C62}.Release|ARM.Build.0 = Release|Any CPU
		{ABDB069B-2D19-40E5-B5EB-900787927C62}.Release|ARM64.ActiveCfg = Release|Any CPU
		{ABDB069B-2D19-40E5-B5EB-900787927C62}.Release|ARM64.Build.0 = Release|Any CPU
		{ABDB069B-2D19-40E5-B5EB-900787927C62}.Release|x64.ActiveCfg = Release|Any CPU
		{ABDB069B-2D19-40E5-B5EB-900787927C62}.Release|x64.Build.0 = Release|Any CPU
		{ABDB069B-2D19-40E5-B5EB-900787927C62}.Release|x86.ActiveCfg = Release|Any CPU
		{ABDB069B-2D19-40E5-B5EB-900787927C62}.Release|x86.Build.0 = Release|Any CPU
		{BD61A4DD-3296-4C90-A907-70263BBB552B}.Debug|Any CPU.ActiveCfg = Debug|Any CPU
		{BD61A4DD-3296-4C90-A907-70263BBB552B}.Debug|Any CPU.Build.0 = Debug|Any CPU
		{BD61A4DD-3296-4C90-A907-70263BBB552B}.Debug|ARM.ActiveCfg = Debug|Any CPU
		{BD61A4DD-3296-4C90-A907-70263BBB552B}.Debug|ARM.Build.0 = Debug|Any CPU
		{BD61A4DD-3296-4C90-A907-70263BBB552B}.Debug|ARM64.ActiveCfg = Debug|Any CPU
		{BD61A4DD-3296-4C90-A907-70263BBB552B}.Debug|ARM64.Build.0 = Debug|Any CPU
		{BD61A4DD-3296-4C90-A907-70263BBB552B}.Debug|x64.ActiveCfg = Debug|Any CPU
		{BD61A4DD-3296-4C90-A907-70263BBB552B}.Debug|x64.Build.0 = Debug|Any CPU
		{BD61A4DD-3296-4C90-A907-70263BBB552B}.Debug|x86.ActiveCfg = Debug|Any CPU
		{BD61A4DD-3296-4C90-A907-70263BBB552B}.Debug|x86.Build.0 = Debug|Any CPU
		{BD61A4DD-3296-4C90-A907-70263BBB552B}.Release|Any CPU.ActiveCfg = Release|Any CPU
		{BD61A4DD-3296-4C90-A907-70263BBB552B}.Release|Any CPU.Build.0 = Release|Any CPU
		{BD61A4DD-3296-4C90-A907-70263BBB552B}.Release|ARM.ActiveCfg = Release|Any CPU
		{BD61A4DD-3296-4C90-A907-70263BBB552B}.Release|ARM.Build.0 = Release|Any CPU
		{BD61A4DD-3296-4C90-A907-70263BBB552B}.Release|ARM64.ActiveCfg = Release|Any CPU
		{BD61A4DD-3296-4C90-A907-70263BBB552B}.Release|ARM64.Build.0 = Release|Any CPU
		{BD61A4DD-3296-4C90-A907-70263BBB552B}.Release|x64.ActiveCfg = Release|Any CPU
		{BD61A4DD-3296-4C90-A907-70263BBB552B}.Release|x64.Build.0 = Release|Any CPU
		{BD61A4DD-3296-4C90-A907-70263BBB552B}.Release|x86.ActiveCfg = Release|Any CPU
		{BD61A4DD-3296-4C90-A907-70263BBB552B}.Release|x86.Build.0 = Release|Any CPU
		{3206EBB6-7085-469A-934E-6B5C12BB857A}.Debug|Any CPU.ActiveCfg = Debug|Any CPU
		{3206EBB6-7085-469A-934E-6B5C12BB857A}.Debug|Any CPU.Build.0 = Debug|Any CPU
		{3206EBB6-7085-469A-934E-6B5C12BB857A}.Debug|ARM.ActiveCfg = Debug|Any CPU
		{3206EBB6-7085-469A-934E-6B5C12BB857A}.Debug|ARM.Build.0 = Debug|Any CPU
		{3206EBB6-7085-469A-934E-6B5C12BB857A}.Debug|ARM64.ActiveCfg = Debug|Any CPU
		{3206EBB6-7085-469A-934E-6B5C12BB857A}.Debug|ARM64.Build.0 = Debug|Any CPU
		{3206EBB6-7085-469A-934E-6B5C12BB857A}.Debug|x64.ActiveCfg = Debug|Any CPU
		{3206EBB6-7085-469A-934E-6B5C12BB857A}.Debug|x64.Build.0 = Debug|Any CPU
		{3206EBB6-7085-469A-934E-6B5C12BB857A}.Debug|x86.ActiveCfg = Debug|Any CPU
		{3206EBB6-7085-469A-934E-6B5C12BB857A}.Debug|x86.Build.0 = Debug|Any CPU
		{3206EBB6-7085-469A-934E-6B5C12BB857A}.Release|Any CPU.ActiveCfg = Release|Any CPU
		{3206EBB6-7085-469A-934E-6B5C12BB857A}.Release|Any CPU.Build.0 = Release|Any CPU
		{3206EBB6-7085-469A-934E-6B5C12BB857A}.Release|ARM.ActiveCfg = Release|Any CPU
		{3206EBB6-7085-469A-934E-6B5C12BB857A}.Release|ARM.Build.0 = Release|Any CPU
		{3206EBB6-7085-469A-934E-6B5C12BB857A}.Release|ARM64.ActiveCfg = Release|Any CPU
		{3206EBB6-7085-469A-934E-6B5C12BB857A}.Release|ARM64.Build.0 = Release|Any CPU
		{3206EBB6-7085-469A-934E-6B5C12BB857A}.Release|x64.ActiveCfg = Release|Any CPU
		{3206EBB6-7085-469A-934E-6B5C12BB857A}.Release|x64.Build.0 = Release|Any CPU
		{3206EBB6-7085-469A-934E-6B5C12BB857A}.Release|x86.ActiveCfg = Release|Any CPU
		{3206EBB6-7085-469A-934E-6B5C12BB857A}.Release|x86.Build.0 = Release|Any CPU
		{98ACE9CD-C6BA-4D3C-B23C-58F986729F50}.Debug|Any CPU.ActiveCfg = Debug|Any CPU
		{98ACE9CD-C6BA-4D3C-B23C-58F986729F50}.Debug|Any CPU.Build.0 = Debug|Any CPU
		{98ACE9CD-C6BA-4D3C-B23C-58F986729F50}.Debug|ARM.ActiveCfg = Debug|Any CPU
		{98ACE9CD-C6BA-4D3C-B23C-58F986729F50}.Debug|ARM.Build.0 = Debug|Any CPU
		{98ACE9CD-C6BA-4D3C-B23C-58F986729F50}.Debug|ARM64.ActiveCfg = Debug|Any CPU
		{98ACE9CD-C6BA-4D3C-B23C-58F986729F50}.Debug|ARM64.Build.0 = Debug|Any CPU
		{98ACE9CD-C6BA-4D3C-B23C-58F986729F50}.Debug|x64.ActiveCfg = Debug|Any CPU
		{98ACE9CD-C6BA-4D3C-B23C-58F986729F50}.Debug|x64.Build.0 = Debug|Any CPU
		{98ACE9CD-C6BA-4D3C-B23C-58F986729F50}.Debug|x86.ActiveCfg = Debug|Any CPU
		{98ACE9CD-C6BA-4D3C-B23C-58F986729F50}.Debug|x86.Build.0 = Debug|Any CPU
		{98ACE9CD-C6BA-4D3C-B23C-58F986729F50}.Release|Any CPU.ActiveCfg = Release|Any CPU
		{98ACE9CD-C6BA-4D3C-B23C-58F986729F50}.Release|Any CPU.Build.0 = Release|Any CPU
		{98ACE9CD-C6BA-4D3C-B23C-58F986729F50}.Release|ARM.ActiveCfg = Release|Any CPU
		{98ACE9CD-C6BA-4D3C-B23C-58F986729F50}.Release|ARM.Build.0 = Release|Any CPU
		{98ACE9CD-C6BA-4D3C-B23C-58F986729F50}.Release|ARM64.ActiveCfg = Release|Any CPU
		{98ACE9CD-C6BA-4D3C-B23C-58F986729F50}.Release|ARM64.Build.0 = Release|Any CPU
		{98ACE9CD-C6BA-4D3C-B23C-58F986729F50}.Release|x64.ActiveCfg = Release|Any CPU
		{98ACE9CD-C6BA-4D3C-B23C-58F986729F50}.Release|x64.Build.0 = Release|Any CPU
		{98ACE9CD-C6BA-4D3C-B23C-58F986729F50}.Release|x86.ActiveCfg = Release|Any CPU
		{98ACE9CD-C6BA-4D3C-B23C-58F986729F50}.Release|x86.Build.0 = Release|Any CPU
		{B1A3A87F-826F-4E9D-9CA5-B70B64E40A7D}.Debug|Any CPU.ActiveCfg = Debug|Any CPU
		{B1A3A87F-826F-4E9D-9CA5-B70B64E40A7D}.Debug|Any CPU.Build.0 = Debug|Any CPU
		{B1A3A87F-826F-4E9D-9CA5-B70B64E40A7D}.Debug|ARM.ActiveCfg = Debug|Any CPU
		{B1A3A87F-826F-4E9D-9CA5-B70B64E40A7D}.Debug|ARM.Build.0 = Debug|Any CPU
		{B1A3A87F-826F-4E9D-9CA5-B70B64E40A7D}.Debug|ARM64.ActiveCfg = Debug|Any CPU
		{B1A3A87F-826F-4E9D-9CA5-B70B64E40A7D}.Debug|ARM64.Build.0 = Debug|Any CPU
		{B1A3A87F-826F-4E9D-9CA5-B70B64E40A7D}.Debug|x64.ActiveCfg = Debug|Any CPU
		{B1A3A87F-826F-4E9D-9CA5-B70B64E40A7D}.Debug|x64.Build.0 = Debug|Any CPU
		{B1A3A87F-826F-4E9D-9CA5-B70B64E40A7D}.Debug|x86.ActiveCfg = Debug|Any CPU
		{B1A3A87F-826F-4E9D-9CA5-B70B64E40A7D}.Debug|x86.Build.0 = Debug|Any CPU
		{B1A3A87F-826F-4E9D-9CA5-B70B64E40A7D}.Release|Any CPU.ActiveCfg = Release|Any CPU
		{B1A3A87F-826F-4E9D-9CA5-B70B64E40A7D}.Release|Any CPU.Build.0 = Release|Any CPU
		{B1A3A87F-826F-4E9D-9CA5-B70B64E40A7D}.Release|ARM.ActiveCfg = Release|Any CPU
		{B1A3A87F-826F-4E9D-9CA5-B70B64E40A7D}.Release|ARM.Build.0 = Release|Any CPU
		{B1A3A87F-826F-4E9D-9CA5-B70B64E40A7D}.Release|ARM64.ActiveCfg = Release|Any CPU
		{B1A3A87F-826F-4E9D-9CA5-B70B64E40A7D}.Release|ARM64.Build.0 = Release|Any CPU
		{B1A3A87F-826F-4E9D-9CA5-B70B64E40A7D}.Release|x64.ActiveCfg = Release|Any CPU
		{B1A3A87F-826F-4E9D-9CA5-B70B64E40A7D}.Release|x64.Build.0 = Release|Any CPU
		{B1A3A87F-826F-4E9D-9CA5-B70B64E40A7D}.Release|x86.ActiveCfg = Release|Any CPU
		{B1A3A87F-826F-4E9D-9CA5-B70B64E40A7D}.Release|x86.Build.0 = Release|Any CPU
		{124F9D1D-CA8B-48CD-B008-DBD2CF01917D}.Debug|Any CPU.ActiveCfg = Debug|Any CPU
		{124F9D1D-CA8B-48CD-B008-DBD2CF01917D}.Debug|Any CPU.Build.0 = Debug|Any CPU
		{124F9D1D-CA8B-48CD-B008-DBD2CF01917D}.Debug|ARM.ActiveCfg = Debug|Any CPU
		{124F9D1D-CA8B-48CD-B008-DBD2CF01917D}.Debug|ARM.Build.0 = Debug|Any CPU
		{124F9D1D-CA8B-48CD-B008-DBD2CF01917D}.Debug|ARM64.ActiveCfg = Debug|Any CPU
		{124F9D1D-CA8B-48CD-B008-DBD2CF01917D}.Debug|ARM64.Build.0 = Debug|Any CPU
		{124F9D1D-CA8B-48CD-B008-DBD2CF01917D}.Debug|x64.ActiveCfg = Debug|Any CPU
		{124F9D1D-CA8B-48CD-B008-DBD2CF01917D}.Debug|x64.Build.0 = Debug|Any CPU
		{124F9D1D-CA8B-48CD-B008-DBD2CF01917D}.Debug|x86.ActiveCfg = Debug|Any CPU
		{124F9D1D-CA8B-48CD-B008-DBD2CF01917D}.Debug|x86.Build.0 = Debug|Any CPU
		{124F9D1D-CA8B-48CD-B008-DBD2CF01917D}.Release|Any CPU.ActiveCfg = Release|Any CPU
		{124F9D1D-CA8B-48CD-B008-DBD2CF01917D}.Release|Any CPU.Build.0 = Release|Any CPU
		{124F9D1D-CA8B-48CD-B008-DBD2CF01917D}.Release|ARM.ActiveCfg = Release|Any CPU
		{124F9D1D-CA8B-48CD-B008-DBD2CF01917D}.Release|ARM.Build.0 = Release|Any CPU
		{124F9D1D-CA8B-48CD-B008-DBD2CF01917D}.Release|ARM64.ActiveCfg = Release|Any CPU
		{124F9D1D-CA8B-48CD-B008-DBD2CF01917D}.Release|ARM64.Build.0 = Release|Any CPU
		{124F9D1D-CA8B-48CD-B008-DBD2CF01917D}.Release|x64.ActiveCfg = Release|Any CPU
		{124F9D1D-CA8B-48CD-B008-DBD2CF01917D}.Release|x64.Build.0 = Release|Any CPU
		{124F9D1D-CA8B-48CD-B008-DBD2CF01917D}.Release|x86.ActiveCfg = Release|Any CPU
		{124F9D1D-CA8B-48CD-B008-DBD2CF01917D}.Release|x86.Build.0 = Release|Any CPU
		{2813D1E6-FCEC-4185-B2BB-2A56B3E66583}.Debug|Any CPU.ActiveCfg = Debug|Any CPU
		{2813D1E6-FCEC-4185-B2BB-2A56B3E66583}.Debug|Any CPU.Build.0 = Debug|Any CPU
		{2813D1E6-FCEC-4185-B2BB-2A56B3E66583}.Debug|ARM.ActiveCfg = Debug|Any CPU
		{2813D1E6-FCEC-4185-B2BB-2A56B3E66583}.Debug|ARM.Build.0 = Debug|Any CPU
		{2813D1E6-FCEC-4185-B2BB-2A56B3E66583}.Debug|ARM64.ActiveCfg = Debug|Any CPU
		{2813D1E6-FCEC-4185-B2BB-2A56B3E66583}.Debug|ARM64.Build.0 = Debug|Any CPU
		{2813D1E6-FCEC-4185-B2BB-2A56B3E66583}.Debug|x64.ActiveCfg = Debug|Any CPU
		{2813D1E6-FCEC-4185-B2BB-2A56B3E66583}.Debug|x64.Build.0 = Debug|Any CPU
		{2813D1E6-FCEC-4185-B2BB-2A56B3E66583}.Debug|x86.ActiveCfg = Debug|Any CPU
		{2813D1E6-FCEC-4185-B2BB-2A56B3E66583}.Debug|x86.Build.0 = Debug|Any CPU
		{2813D1E6-FCEC-4185-B2BB-2A56B3E66583}.Release|Any CPU.ActiveCfg = Release|Any CPU
		{2813D1E6-FCEC-4185-B2BB-2A56B3E66583}.Release|Any CPU.Build.0 = Release|Any CPU
		{2813D1E6-FCEC-4185-B2BB-2A56B3E66583}.Release|ARM.ActiveCfg = Release|Any CPU
		{2813D1E6-FCEC-4185-B2BB-2A56B3E66583}.Release|ARM.Build.0 = Release|Any CPU
		{2813D1E6-FCEC-4185-B2BB-2A56B3E66583}.Release|ARM64.ActiveCfg = Release|Any CPU
		{2813D1E6-FCEC-4185-B2BB-2A56B3E66583}.Release|ARM64.Build.0 = Release|Any CPU
		{2813D1E6-FCEC-4185-B2BB-2A56B3E66583}.Release|x64.ActiveCfg = Release|Any CPU
		{2813D1E6-FCEC-4185-B2BB-2A56B3E66583}.Release|x64.Build.0 = Release|Any CPU
		{2813D1E6-FCEC-4185-B2BB-2A56B3E66583}.Release|x86.ActiveCfg = Release|Any CPU
		{2813D1E6-FCEC-4185-B2BB-2A56B3E66583}.Release|x86.Build.0 = Release|Any CPU
		{8930CED8-D9D3-4A10-AC32-449BA521DED7}.Debug|Any CPU.ActiveCfg = Debug|Any CPU
		{8930CED8-D9D3-4A10-AC32-449BA521DED7}.Debug|Any CPU.Build.0 = Debug|Any CPU
		{8930CED8-D9D3-4A10-AC32-449BA521DED7}.Debug|ARM.ActiveCfg = Debug|Any CPU
		{8930CED8-D9D3-4A10-AC32-449BA521DED7}.Debug|ARM.Build.0 = Debug|Any CPU
		{8930CED8-D9D3-4A10-AC32-449BA521DED7}.Debug|ARM64.ActiveCfg = Debug|Any CPU
		{8930CED8-D9D3-4A10-AC32-449BA521DED7}.Debug|ARM64.Build.0 = Debug|Any CPU
		{8930CED8-D9D3-4A10-AC32-449BA521DED7}.Debug|x64.ActiveCfg = Debug|Any CPU
		{8930CED8-D9D3-4A10-AC32-449BA521DED7}.Debug|x64.Build.0 = Debug|Any CPU
		{8930CED8-D9D3-4A10-AC32-449BA521DED7}.Debug|x86.ActiveCfg = Debug|Any CPU
		{8930CED8-D9D3-4A10-AC32-449BA521DED7}.Debug|x86.Build.0 = Debug|Any CPU
		{8930CED8-D9D3-4A10-AC32-449BA521DED7}.Release|Any CPU.ActiveCfg = Release|Any CPU
		{8930CED8-D9D3-4A10-AC32-449BA521DED7}.Release|Any CPU.Build.0 = Release|Any CPU
		{8930CED8-D9D3-4A10-AC32-449BA521DED7}.Release|ARM.ActiveCfg = Release|Any CPU
		{8930CED8-D9D3-4A10-AC32-449BA521DED7}.Release|ARM.Build.0 = Release|Any CPU
		{8930CED8-D9D3-4A10-AC32-449BA521DED7}.Release|ARM64.ActiveCfg = Release|Any CPU
		{8930CED8-D9D3-4A10-AC32-449BA521DED7}.Release|ARM64.Build.0 = Release|Any CPU
		{8930CED8-D9D3-4A10-AC32-449BA521DED7}.Release|x64.ActiveCfg = Release|Any CPU
		{8930CED8-D9D3-4A10-AC32-449BA521DED7}.Release|x64.Build.0 = Release|Any CPU
		{8930CED8-D9D3-4A10-AC32-449BA521DED7}.Release|x86.ActiveCfg = Release|Any CPU
		{8930CED8-D9D3-4A10-AC32-449BA521DED7}.Release|x86.Build.0 = Release|Any CPU
		{D9D27DD1-72DC-42F8-9B7D-3D2A1A4C4D1D}.Debug|Any CPU.ActiveCfg = Debug|Any CPU
		{D9D27DD1-72DC-42F8-9B7D-3D2A1A4C4D1D}.Debug|Any CPU.Build.0 = Debug|Any CPU
		{D9D27DD1-72DC-42F8-9B7D-3D2A1A4C4D1D}.Debug|ARM.ActiveCfg = Debug|Any CPU
		{D9D27DD1-72DC-42F8-9B7D-3D2A1A4C4D1D}.Debug|ARM.Build.0 = Debug|Any CPU
		{D9D27DD1-72DC-42F8-9B7D-3D2A1A4C4D1D}.Debug|ARM64.ActiveCfg = Debug|Any CPU
		{D9D27DD1-72DC-42F8-9B7D-3D2A1A4C4D1D}.Debug|ARM64.Build.0 = Debug|Any CPU
		{D9D27DD1-72DC-42F8-9B7D-3D2A1A4C4D1D}.Debug|x64.ActiveCfg = Debug|Any CPU
		{D9D27DD1-72DC-42F8-9B7D-3D2A1A4C4D1D}.Debug|x64.Build.0 = Debug|Any CPU
		{D9D27DD1-72DC-42F8-9B7D-3D2A1A4C4D1D}.Debug|x86.ActiveCfg = Debug|Any CPU
		{D9D27DD1-72DC-42F8-9B7D-3D2A1A4C4D1D}.Debug|x86.Build.0 = Debug|Any CPU
		{D9D27DD1-72DC-42F8-9B7D-3D2A1A4C4D1D}.Release|Any CPU.ActiveCfg = Release|Any CPU
		{D9D27DD1-72DC-42F8-9B7D-3D2A1A4C4D1D}.Release|Any CPU.Build.0 = Release|Any CPU
		{D9D27DD1-72DC-42F8-9B7D-3D2A1A4C4D1D}.Release|ARM.ActiveCfg = Release|Any CPU
		{D9D27DD1-72DC-42F8-9B7D-3D2A1A4C4D1D}.Release|ARM.Build.0 = Release|Any CPU
		{D9D27DD1-72DC-42F8-9B7D-3D2A1A4C4D1D}.Release|ARM64.ActiveCfg = Release|Any CPU
		{D9D27DD1-72DC-42F8-9B7D-3D2A1A4C4D1D}.Release|ARM64.Build.0 = Release|Any CPU
		{D9D27DD1-72DC-42F8-9B7D-3D2A1A4C4D1D}.Release|x64.ActiveCfg = Release|Any CPU
		{D9D27DD1-72DC-42F8-9B7D-3D2A1A4C4D1D}.Release|x64.Build.0 = Release|Any CPU
		{D9D27DD1-72DC-42F8-9B7D-3D2A1A4C4D1D}.Release|x86.ActiveCfg = Release|Any CPU
		{D9D27DD1-72DC-42F8-9B7D-3D2A1A4C4D1D}.Release|x86.Build.0 = Release|Any CPU
		{9F4E493F-38B7-40DA-97FB-E63E124282F5}.Debug|Any CPU.ActiveCfg = Debug|Any CPU
		{9F4E493F-38B7-40DA-97FB-E63E124282F5}.Debug|Any CPU.Build.0 = Debug|Any CPU
		{9F4E493F-38B7-40DA-97FB-E63E124282F5}.Debug|ARM.ActiveCfg = Debug|Any CPU
		{9F4E493F-38B7-40DA-97FB-E63E124282F5}.Debug|ARM.Build.0 = Debug|Any CPU
		{9F4E493F-38B7-40DA-97FB-E63E124282F5}.Debug|ARM64.ActiveCfg = Debug|Any CPU
		{9F4E493F-38B7-40DA-97FB-E63E124282F5}.Debug|ARM64.Build.0 = Debug|Any CPU
		{9F4E493F-38B7-40DA-97FB-E63E124282F5}.Debug|x64.ActiveCfg = Debug|Any CPU
		{9F4E493F-38B7-40DA-97FB-E63E124282F5}.Debug|x64.Build.0 = Debug|Any CPU
		{9F4E493F-38B7-40DA-97FB-E63E124282F5}.Debug|x86.ActiveCfg = Debug|Any CPU
		{9F4E493F-38B7-40DA-97FB-E63E124282F5}.Debug|x86.Build.0 = Debug|Any CPU
		{9F4E493F-38B7-40DA-97FB-E63E124282F5}.Release|Any CPU.ActiveCfg = Release|Any CPU
		{9F4E493F-38B7-40DA-97FB-E63E124282F5}.Release|Any CPU.Build.0 = Release|Any CPU
		{9F4E493F-38B7-40DA-97FB-E63E124282F5}.Release|ARM.ActiveCfg = Release|Any CPU
		{9F4E493F-38B7-40DA-97FB-E63E124282F5}.Release|ARM.Build.0 = Release|Any CPU
		{9F4E493F-38B7-40DA-97FB-E63E124282F5}.Release|ARM64.ActiveCfg = Release|Any CPU
		{9F4E493F-38B7-40DA-97FB-E63E124282F5}.Release|ARM64.Build.0 = Release|Any CPU
		{9F4E493F-38B7-40DA-97FB-E63E124282F5}.Release|x64.ActiveCfg = Release|Any CPU
		{9F4E493F-38B7-40DA-97FB-E63E124282F5}.Release|x64.Build.0 = Release|Any CPU
		{9F4E493F-38B7-40DA-97FB-E63E124282F5}.Release|x86.ActiveCfg = Release|Any CPU
		{9F4E493F-38B7-40DA-97FB-E63E124282F5}.Release|x86.Build.0 = Release|Any CPU
		{C6EF4220-3E15-453B-83A2-46D3101A70B9}.Debug|Any CPU.ActiveCfg = Debug|Any CPU
		{C6EF4220-3E15-453B-83A2-46D3101A70B9}.Debug|Any CPU.Build.0 = Debug|Any CPU
		{C6EF4220-3E15-453B-83A2-46D3101A70B9}.Debug|ARM.ActiveCfg = Debug|Any CPU
		{C6EF4220-3E15-453B-83A2-46D3101A70B9}.Debug|ARM.Build.0 = Debug|Any CPU
		{C6EF4220-3E15-453B-83A2-46D3101A70B9}.Debug|ARM64.ActiveCfg = Debug|Any CPU
		{C6EF4220-3E15-453B-83A2-46D3101A70B9}.Debug|ARM64.Build.0 = Debug|Any CPU
		{C6EF4220-3E15-453B-83A2-46D3101A70B9}.Debug|x64.ActiveCfg = Debug|Any CPU
		{C6EF4220-3E15-453B-83A2-46D3101A70B9}.Debug|x64.Build.0 = Debug|Any CPU
		{C6EF4220-3E15-453B-83A2-46D3101A70B9}.Debug|x86.ActiveCfg = Debug|Any CPU
		{C6EF4220-3E15-453B-83A2-46D3101A70B9}.Debug|x86.Build.0 = Debug|Any CPU
		{C6EF4220-3E15-453B-83A2-46D3101A70B9}.Release|Any CPU.ActiveCfg = Release|Any CPU
		{C6EF4220-3E15-453B-83A2-46D3101A70B9}.Release|Any CPU.Build.0 = Release|Any CPU
		{C6EF4220-3E15-453B-83A2-46D3101A70B9}.Release|ARM.ActiveCfg = Release|Any CPU
		{C6EF4220-3E15-453B-83A2-46D3101A70B9}.Release|ARM.Build.0 = Release|Any CPU
		{C6EF4220-3E15-453B-83A2-46D3101A70B9}.Release|ARM64.ActiveCfg = Release|Any CPU
		{C6EF4220-3E15-453B-83A2-46D3101A70B9}.Release|ARM64.Build.0 = Release|Any CPU
		{C6EF4220-3E15-453B-83A2-46D3101A70B9}.Release|x64.ActiveCfg = Release|Any CPU
		{C6EF4220-3E15-453B-83A2-46D3101A70B9}.Release|x64.Build.0 = Release|Any CPU
		{C6EF4220-3E15-453B-83A2-46D3101A70B9}.Release|x86.ActiveCfg = Release|Any CPU
		{C6EF4220-3E15-453B-83A2-46D3101A70B9}.Release|x86.Build.0 = Release|Any CPU
		{014C1D6C-8852-4ABF-B57F-61021374496D}.Debug|Any CPU.ActiveCfg = Debug|Any CPU
		{014C1D6C-8852-4ABF-B57F-61021374496D}.Debug|Any CPU.Build.0 = Debug|Any CPU
		{014C1D6C-8852-4ABF-B57F-61021374496D}.Debug|ARM.ActiveCfg = Debug|Any CPU
		{014C1D6C-8852-4ABF-B57F-61021374496D}.Debug|ARM.Build.0 = Debug|Any CPU
		{014C1D6C-8852-4ABF-B57F-61021374496D}.Debug|ARM64.ActiveCfg = Debug|Any CPU
		{014C1D6C-8852-4ABF-B57F-61021374496D}.Debug|ARM64.Build.0 = Debug|Any CPU
		{014C1D6C-8852-4ABF-B57F-61021374496D}.Debug|x64.ActiveCfg = Debug|Any CPU
		{014C1D6C-8852-4ABF-B57F-61021374496D}.Debug|x64.Build.0 = Debug|Any CPU
		{014C1D6C-8852-4ABF-B57F-61021374496D}.Debug|x86.ActiveCfg = Debug|Any CPU
		{014C1D6C-8852-4ABF-B57F-61021374496D}.Debug|x86.Build.0 = Debug|Any CPU
		{014C1D6C-8852-4ABF-B57F-61021374496D}.Release|Any CPU.ActiveCfg = Release|Any CPU
		{014C1D6C-8852-4ABF-B57F-61021374496D}.Release|Any CPU.Build.0 = Release|Any CPU
		{014C1D6C-8852-4ABF-B57F-61021374496D}.Release|ARM.ActiveCfg = Release|Any CPU
		{014C1D6C-8852-4ABF-B57F-61021374496D}.Release|ARM.Build.0 = Release|Any CPU
		{014C1D6C-8852-4ABF-B57F-61021374496D}.Release|ARM64.ActiveCfg = Release|Any CPU
		{014C1D6C-8852-4ABF-B57F-61021374496D}.Release|ARM64.Build.0 = Release|Any CPU
		{014C1D6C-8852-4ABF-B57F-61021374496D}.Release|x64.ActiveCfg = Release|Any CPU
		{014C1D6C-8852-4ABF-B57F-61021374496D}.Release|x64.Build.0 = Release|Any CPU
		{014C1D6C-8852-4ABF-B57F-61021374496D}.Release|x86.ActiveCfg = Release|Any CPU
		{014C1D6C-8852-4ABF-B57F-61021374496D}.Release|x86.Build.0 = Release|Any CPU
		{A292DB6C-3DC6-414C-B97C-C1F50EB4B186}.Debug|Any CPU.ActiveCfg = Debug|Any CPU
		{A292DB6C-3DC6-414C-B97C-C1F50EB4B186}.Debug|Any CPU.Build.0 = Debug|Any CPU
		{A292DB6C-3DC6-414C-B97C-C1F50EB4B186}.Debug|ARM.ActiveCfg = Debug|Any CPU
		{A292DB6C-3DC6-414C-B97C-C1F50EB4B186}.Debug|ARM.Build.0 = Debug|Any CPU
		{A292DB6C-3DC6-414C-B97C-C1F50EB4B186}.Debug|ARM64.ActiveCfg = Debug|Any CPU
		{A292DB6C-3DC6-414C-B97C-C1F50EB4B186}.Debug|ARM64.Build.0 = Debug|Any CPU
		{A292DB6C-3DC6-414C-B97C-C1F50EB4B186}.Debug|x64.ActiveCfg = Debug|Any CPU
		{A292DB6C-3DC6-414C-B97C-C1F50EB4B186}.Debug|x64.Build.0 = Debug|Any CPU
		{A292DB6C-3DC6-414C-B97C-C1F50EB4B186}.Debug|x86.ActiveCfg = Debug|Any CPU
		{A292DB6C-3DC6-414C-B97C-C1F50EB4B186}.Debug|x86.Build.0 = Debug|Any CPU
		{A292DB6C-3DC6-414C-B97C-C1F50EB4B186}.Release|Any CPU.ActiveCfg = Release|Any CPU
		{A292DB6C-3DC6-414C-B97C-C1F50EB4B186}.Release|Any CPU.Build.0 = Release|Any CPU
		{A292DB6C-3DC6-414C-B97C-C1F50EB4B186}.Release|ARM.ActiveCfg = Release|Any CPU
		{A292DB6C-3DC6-414C-B97C-C1F50EB4B186}.Release|ARM.Build.0 = Release|Any CPU
		{A292DB6C-3DC6-414C-B97C-C1F50EB4B186}.Release|ARM64.ActiveCfg = Release|Any CPU
		{A292DB6C-3DC6-414C-B97C-C1F50EB4B186}.Release|ARM64.Build.0 = Release|Any CPU
		{A292DB6C-3DC6-414C-B97C-C1F50EB4B186}.Release|x64.ActiveCfg = Release|Any CPU
		{A292DB6C-3DC6-414C-B97C-C1F50EB4B186}.Release|x64.Build.0 = Release|Any CPU
		{A292DB6C-3DC6-414C-B97C-C1F50EB4B186}.Release|x86.ActiveCfg = Release|Any CPU
		{A292DB6C-3DC6-414C-B97C-C1F50EB4B186}.Release|x86.Build.0 = Release|Any CPU
		{CCDA8F2B-840E-431D-8981-AB7AA67F9F00}.Debug|Any CPU.ActiveCfg = Debug|Any CPU
		{CCDA8F2B-840E-431D-8981-AB7AA67F9F00}.Debug|Any CPU.Build.0 = Debug|Any CPU
		{CCDA8F2B-840E-431D-8981-AB7AA67F9F00}.Debug|ARM.ActiveCfg = Debug|Any CPU
		{CCDA8F2B-840E-431D-8981-AB7AA67F9F00}.Debug|ARM.Build.0 = Debug|Any CPU
		{CCDA8F2B-840E-431D-8981-AB7AA67F9F00}.Debug|ARM64.ActiveCfg = Debug|Any CPU
		{CCDA8F2B-840E-431D-8981-AB7AA67F9F00}.Debug|ARM64.Build.0 = Debug|Any CPU
		{CCDA8F2B-840E-431D-8981-AB7AA67F9F00}.Debug|x64.ActiveCfg = Debug|Any CPU
		{CCDA8F2B-840E-431D-8981-AB7AA67F9F00}.Debug|x64.Build.0 = Debug|Any CPU
		{CCDA8F2B-840E-431D-8981-AB7AA67F9F00}.Debug|x86.ActiveCfg = Debug|Any CPU
		{CCDA8F2B-840E-431D-8981-AB7AA67F9F00}.Debug|x86.Build.0 = Debug|Any CPU
		{CCDA8F2B-840E-431D-8981-AB7AA67F9F00}.Release|Any CPU.ActiveCfg = Release|Any CPU
		{CCDA8F2B-840E-431D-8981-AB7AA67F9F00}.Release|Any CPU.Build.0 = Release|Any CPU
		{CCDA8F2B-840E-431D-8981-AB7AA67F9F00}.Release|ARM.ActiveCfg = Release|Any CPU
		{CCDA8F2B-840E-431D-8981-AB7AA67F9F00}.Release|ARM.Build.0 = Release|Any CPU
		{CCDA8F2B-840E-431D-8981-AB7AA67F9F00}.Release|ARM64.ActiveCfg = Release|Any CPU
		{CCDA8F2B-840E-431D-8981-AB7AA67F9F00}.Release|ARM64.Build.0 = Release|Any CPU
		{CCDA8F2B-840E-431D-8981-AB7AA67F9F00}.Release|x64.ActiveCfg = Release|Any CPU
		{CCDA8F2B-840E-431D-8981-AB7AA67F9F00}.Release|x64.Build.0 = Release|Any CPU
		{CCDA8F2B-840E-431D-8981-AB7AA67F9F00}.Release|x86.ActiveCfg = Release|Any CPU
		{CCDA8F2B-840E-431D-8981-AB7AA67F9F00}.Release|x86.Build.0 = Release|Any CPU
		{F94CF32F-B856-4D4A-992E-4B7C3D7F690D}.Debug|Any CPU.ActiveCfg = Debug|Any CPU
		{F94CF32F-B856-4D4A-992E-4B7C3D7F690D}.Debug|Any CPU.Build.0 = Debug|Any CPU
		{F94CF32F-B856-4D4A-992E-4B7C3D7F690D}.Debug|ARM.ActiveCfg = Debug|Any CPU
		{F94CF32F-B856-4D4A-992E-4B7C3D7F690D}.Debug|ARM.Build.0 = Debug|Any CPU
		{F94CF32F-B856-4D4A-992E-4B7C3D7F690D}.Debug|ARM64.ActiveCfg = Debug|Any CPU
		{F94CF32F-B856-4D4A-992E-4B7C3D7F690D}.Debug|ARM64.Build.0 = Debug|Any CPU
		{F94CF32F-B856-4D4A-992E-4B7C3D7F690D}.Debug|x64.ActiveCfg = Debug|Any CPU
		{F94CF32F-B856-4D4A-992E-4B7C3D7F690D}.Debug|x64.Build.0 = Debug|Any CPU
		{F94CF32F-B856-4D4A-992E-4B7C3D7F690D}.Debug|x86.ActiveCfg = Debug|Any CPU
		{F94CF32F-B856-4D4A-992E-4B7C3D7F690D}.Debug|x86.Build.0 = Debug|Any CPU
		{F94CF32F-B856-4D4A-992E-4B7C3D7F690D}.Release|Any CPU.ActiveCfg = Release|Any CPU
		{F94CF32F-B856-4D4A-992E-4B7C3D7F690D}.Release|Any CPU.Build.0 = Release|Any CPU
		{F94CF32F-B856-4D4A-992E-4B7C3D7F690D}.Release|ARM.ActiveCfg = Release|Any CPU
		{F94CF32F-B856-4D4A-992E-4B7C3D7F690D}.Release|ARM.Build.0 = Release|Any CPU
		{F94CF32F-B856-4D4A-992E-4B7C3D7F690D}.Release|ARM64.ActiveCfg = Release|Any CPU
		{F94CF32F-B856-4D4A-992E-4B7C3D7F690D}.Release|ARM64.Build.0 = Release|Any CPU
		{F94CF32F-B856-4D4A-992E-4B7C3D7F690D}.Release|x64.ActiveCfg = Release|Any CPU
		{F94CF32F-B856-4D4A-992E-4B7C3D7F690D}.Release|x64.Build.0 = Release|Any CPU
		{F94CF32F-B856-4D4A-992E-4B7C3D7F690D}.Release|x86.ActiveCfg = Release|Any CPU
		{F94CF32F-B856-4D4A-992E-4B7C3D7F690D}.Release|x86.Build.0 = Release|Any CPU
		{F57ED3C0-0D49-4FC9-9910-D79E09FE76EE}.Debug|Any CPU.ActiveCfg = Debug|Any CPU
		{F57ED3C0-0D49-4FC9-9910-D79E09FE76EE}.Debug|Any CPU.Build.0 = Debug|Any CPU
		{F57ED3C0-0D49-4FC9-9910-D79E09FE76EE}.Debug|ARM.ActiveCfg = Debug|Any CPU
		{F57ED3C0-0D49-4FC9-9910-D79E09FE76EE}.Debug|ARM.Build.0 = Debug|Any CPU
		{F57ED3C0-0D49-4FC9-9910-D79E09FE76EE}.Debug|ARM64.ActiveCfg = Debug|Any CPU
		{F57ED3C0-0D49-4FC9-9910-D79E09FE76EE}.Debug|ARM64.Build.0 = Debug|Any CPU
		{F57ED3C0-0D49-4FC9-9910-D79E09FE76EE}.Debug|x64.ActiveCfg = Debug|Any CPU
		{F57ED3C0-0D49-4FC9-9910-D79E09FE76EE}.Debug|x64.Build.0 = Debug|Any CPU
		{F57ED3C0-0D49-4FC9-9910-D79E09FE76EE}.Debug|x86.ActiveCfg = Debug|Any CPU
		{F57ED3C0-0D49-4FC9-9910-D79E09FE76EE}.Debug|x86.Build.0 = Debug|Any CPU
		{F57ED3C0-0D49-4FC9-9910-D79E09FE76EE}.Release|Any CPU.ActiveCfg = Release|Any CPU
		{F57ED3C0-0D49-4FC9-9910-D79E09FE76EE}.Release|Any CPU.Build.0 = Release|Any CPU
		{F57ED3C0-0D49-4FC9-9910-D79E09FE76EE}.Release|ARM.ActiveCfg = Release|Any CPU
		{F57ED3C0-0D49-4FC9-9910-D79E09FE76EE}.Release|ARM.Build.0 = Release|Any CPU
		{F57ED3C0-0D49-4FC9-9910-D79E09FE76EE}.Release|ARM64.ActiveCfg = Release|Any CPU
		{F57ED3C0-0D49-4FC9-9910-D79E09FE76EE}.Release|ARM64.Build.0 = Release|Any CPU
		{F57ED3C0-0D49-4FC9-9910-D79E09FE76EE}.Release|x64.ActiveCfg = Release|Any CPU
		{F57ED3C0-0D49-4FC9-9910-D79E09FE76EE}.Release|x64.Build.0 = Release|Any CPU
		{F57ED3C0-0D49-4FC9-9910-D79E09FE76EE}.Release|x86.ActiveCfg = Release|Any CPU
		{F57ED3C0-0D49-4FC9-9910-D79E09FE76EE}.Release|x86.Build.0 = Release|Any CPU
	EndGlobalSection
	GlobalSection(SolutionProperties) = preSolution
		HideSolutionNode = FALSE
	EndGlobalSection
	GlobalSection(NestedProjects) = preSolution
		{C225F77B-C2FD-4BAD-978F-2E2BD3B5DE0F} = {7A0E0C25-C47C-499F-809E-D8926EB477C0}
		{E5012A70-9ED8-4B14-AF5E-EC83DB50C607} = {7A0E0C25-C47C-499F-809E-D8926EB477C0}
		{D0CB91C1-EDDA-42C8-BF1C-AD07ABD91F92} = {66AA1C59-1C9E-4E2C-9E1A-09A97210755B}
		{54CC940B-60AF-4D88-8691-B5CDC309C72E} = {7A0E0C25-C47C-499F-809E-D8926EB477C0}
		{B02865FD-35CA-4B48-88F4-0032A499A57D} = {7A0E0C25-C47C-499F-809E-D8926EB477C0}
		{B882B7FF-75E0-4A51-91E0-D67F4D01211C} = {E11DC62C-7FBF-4828-97FF-36751D7F2239}
		{C65267F8-C53B-4008-8094-853479AFFD2C} = {3C0F0ACB-F252-4F4D-9E3E-01A4F96D0764}
		{4AE82B23-34A5-47FD-BFBA-5BC50210CC5E} = {3C0F0ACB-F252-4F4D-9E3E-01A4F96D0764}
		{A05492E0-3EE4-4164-8484-E6EC5CE16D0F} = {E11DC62C-7FBF-4828-97FF-36751D7F2239}
		{66AA1C59-1C9E-4E2C-9E1A-09A97210755B} = {7A0E0C25-C47C-499F-809E-D8926EB477C0}
		{8D71A998-7F10-4ECA-A89A-CD0BC6A69FC3} = {844D78CC-F286-468F-9A57-1FF454B6C0B0}
		{7E62DED4-5D43-4B77-87DD-E00D0036AD7D} = {9CFD13AA-4FF1-4E4C-BFDF-30B5A8530C5E}
		{8CD9A562-2E60-4F0D-8443-19026329F022} = {9CFD13AA-4FF1-4E4C-BFDF-30B5A8530C5E}
		{5DEC161E-0E45-4186-AE5F-9656AE2FABB2} = {3C0F0ACB-F252-4F4D-9E3E-01A4F96D0764}
		{DBFA3BF3-76C6-472A-8CFF-444ED3461075} = {8D71A998-7F10-4ECA-A89A-CD0BC6A69FC3}
		{ABDB069B-2D19-40E5-B5EB-900787927C62} = {8D71A998-7F10-4ECA-A89A-CD0BC6A69FC3}
		{FCED93D9-CE66-4E25-9A4E-A6C3E1D1E533} = {3C0F0ACB-F252-4F4D-9E3E-01A4F96D0764}
		{BD61A4DD-3296-4C90-A907-70263BBB552B} = {FCED93D9-CE66-4E25-9A4E-A6C3E1D1E533}
		{3206EBB6-7085-469A-934E-6B5C12BB857A} = {FCED93D9-CE66-4E25-9A4E-A6C3E1D1E533}
		{98ACE9CD-C6BA-4D3C-B23C-58F986729F50} = {3C0F0ACB-F252-4F4D-9E3E-01A4F96D0764}
		{B1A3A87F-826F-4E9D-9CA5-B70B64E40A7D} = {3C0F0ACB-F252-4F4D-9E3E-01A4F96D0764}
		{124F9D1D-CA8B-48CD-B008-DBD2CF01917D} = {3C0F0ACB-F252-4F4D-9E3E-01A4F96D0764}
		{2813D1E6-FCEC-4185-B2BB-2A56B3E66583} = {3C0F0ACB-F252-4F4D-9E3E-01A4F96D0764}
		{8930CED8-D9D3-4A10-AC32-449BA521DED7} = {E11DC62C-7FBF-4828-97FF-36751D7F2239}
		{22EDBD89-1B46-4A61-8BF6-34D3CCAD7A0D} = {E11DC62C-7FBF-4828-97FF-36751D7F2239}
		{D9D27DD1-72DC-42F8-9B7D-3D2A1A4C4D1D} = {66AA1C59-1C9E-4E2C-9E1A-09A97210755B}
		{9F4E493F-38B7-40DA-97FB-E63E124282F5} = {22EDBD89-1B46-4A61-8BF6-34D3CCAD7A0D}
		{C6EF4220-3E15-453B-83A2-46D3101A70B9} = {8D71A998-7F10-4ECA-A89A-CD0BC6A69FC3}
		{F50F5923-7904-47F1-ACF9-EE5E17C5F35A} = {3C0F0ACB-F252-4F4D-9E3E-01A4F96D0764}
		{014C1D6C-8852-4ABF-B57F-61021374496D} = {F50F5923-7904-47F1-ACF9-EE5E17C5F35A}
		{A292DB6C-3DC6-414C-B97C-C1F50EB4B186} = {8D71A998-7F10-4ECA-A89A-CD0BC6A69FC3}
		{CCDA8F2B-840E-431D-8981-AB7AA67F9F00} = {8D71A998-7F10-4ECA-A89A-CD0BC6A69FC3}
		{F94CF32F-B856-4D4A-992E-4B7C3D7F690D} = {3C0F0ACB-F252-4F4D-9E3E-01A4F96D0764}
		{F57ED3C0-0D49-4FC9-9910-D79E09FE76EE} = {3C0F0ACB-F252-4F4D-9E3E-01A4F96D0764}
	EndGlobalSection
	GlobalSection(ExtensibilityGlobals) = postSolution
		SolutionGuid = {7F970483-6D84-4B58-9B0D-B4FB8745BD73}
	EndGlobalSection
EndGlobal
